// !$*UTF8*$!
{
	archiveVersion = 1;
	classes = {
	};
	objectVersion = 56;
	objects = {

/* Begin PBXBuildFile section */
		98DD4BE42B2FF424005FECDB /* main.cpp in Sources */ = {isa = PBXBuildFile; fileRef = 98DD4BE32B2FF424005FECDB /* main.cpp */; };
		98DD4DEA2B35B6F6005FECDB /* libopencv_imgproc.4.8.0.dylib in Frameworks */ = {isa = PBXBuildFile; fileRef = 98DD4DB32B35B6F6005FECDB /* libopencv_imgproc.4.8.0.dylib */; };
		98DD4DEB2B35B6F6005FECDB /* libopencv_bgsegm.4.8.0.dylib in Frameworks */ = {isa = PBXBuildFile; fileRef = 98DD4DB42B35B6F6005FECDB /* libopencv_bgsegm.4.8.0.dylib */; };
		98DD4DEC2B35B6F6005FECDB /* libopencv_face.4.8.0.dylib in Frameworks */ = {isa = PBXBuildFile; fileRef = 98DD4DB52B35B6F6005FECDB /* libopencv_face.4.8.0.dylib */; };
		98DD4DED2B35B6F6005FECDB /* libopencv_features2d.4.8.0.dylib in Frameworks */ = {isa = PBXBuildFile; fileRef = 98DD4DB62B35B6F6005FECDB /* libopencv_features2d.4.8.0.dylib */; };
		98DD4DEE2B35B6F6005FECDB /* libopencv_reg.4.8.0.dylib in Frameworks */ = {isa = PBXBuildFile; fileRef = 98DD4DB72B35B6F6005FECDB /* libopencv_reg.4.8.0.dylib */; };
		98DD4DEF2B35B6F6005FECDB /* libopencv_bioinspired.4.8.0.dylib in Frameworks */ = {isa = PBXBuildFile; fileRef = 98DD4DB82B35B6F6005FECDB /* libopencv_bioinspired.4.8.0.dylib */; };
		98DD4DF02B35B6F6005FECDB /* libopencv_phase_unwrapping.4.8.0.dylib in Frameworks */ = {isa = PBXBuildFile; fileRef = 98DD4DB92B35B6F6005FECDB /* libopencv_phase_unwrapping.4.8.0.dylib */; };
		98DD4DF12B35B6F6005FECDB /* libopencv_rgbd.4.8.0.dylib in Frameworks */ = {isa = PBXBuildFile; fileRef = 98DD4DBA2B35B6F6005FECDB /* libopencv_rgbd.4.8.0.dylib */; };
		98DD4DF22B35B6F6005FECDB /* libopencv_core.4.8.0.dylib in Frameworks */ = {isa = PBXBuildFile; fileRef = 98DD4DBB2B35B6F6005FECDB /* libopencv_core.4.8.0.dylib */; };
		98DD4DF32B35B6F6005FECDB /* libopencv_alphamat.4.8.0.dylib in Frameworks */ = {isa = PBXBuildFile; fileRef = 98DD4DBC2B35B6F6005FECDB /* libopencv_alphamat.4.8.0.dylib */; };
		98DD4DF42B35B6F6005FECDB /* libopencv_xfeatures2d.4.8.0.dylib in Frameworks */ = {isa = PBXBuildFile; fileRef = 98DD4DBD2B35B6F6005FECDB /* libopencv_xfeatures2d.4.8.0.dylib */; };
		98DD4DF52B35B6F6005FECDB /* libopencv_stereo.4.8.0.dylib in Frameworks */ = {isa = PBXBuildFile; fileRef = 98DD4DBE2B35B6F6005FECDB /* libopencv_stereo.4.8.0.dylib */; };
		98DD4DF62B35B6F6005FECDB /* libopencv_intensity_transform.4.8.0.dylib in Frameworks */ = {isa = PBXBuildFile; fileRef = 98DD4DBF2B35B6F6005FECDB /* libopencv_intensity_transform.4.8.0.dylib */; };
		98DD4DF72B35B6F6005FECDB /* libopencv_wechat_qrcode.4.8.0.dylib in Frameworks */ = {isa = PBXBuildFile; fileRef = 98DD4DC02B35B6F6005FECDB /* libopencv_wechat_qrcode.4.8.0.dylib */; };
		98DD4DF82B35B6F6005FECDB /* libopencv_optflow.4.8.0.dylib in Frameworks */ = {isa = PBXBuildFile; fileRef = 98DD4DC12B35B6F6005FECDB /* libopencv_optflow.4.8.0.dylib */; };
		98DD4DF92B35B6F6005FECDB /* libopencv_datasets.4.8.0.dylib in Frameworks */ = {isa = PBXBuildFile; fileRef = 98DD4DC22B35B6F6005FECDB /* libopencv_datasets.4.8.0.dylib */; };
		98DD4DFA2B35B6F6005FECDB /* libopencv_ximgproc.4.8.0.dylib in Frameworks */ = {isa = PBXBuildFile; fileRef = 98DD4DC32B35B6F6005FECDB /* libopencv_ximgproc.4.8.0.dylib */; };
		98DD4DFB2B35B6F6005FECDB /* libopencv_flann.4.8.0.dylib in Frameworks */ = {isa = PBXBuildFile; fileRef = 98DD4DC42B35B6F6005FECDB /* libopencv_flann.4.8.0.dylib */; };
		98DD4DFC2B35B6F6005FECDB /* libopencv_sfm.4.8.0.dylib in Frameworks */ = {isa = PBXBuildFile; fileRef = 98DD4DC52B35B6F6005FECDB /* libopencv_sfm.4.8.0.dylib */; };
		98DD4DFD2B35B6F6005FECDB /* libopencv_stitching.4.8.0.dylib in Frameworks */ = {isa = PBXBuildFile; fileRef = 98DD4DC62B35B6F6005FECDB /* libopencv_stitching.4.8.0.dylib */; };
		98DD4DFE2B35B6F6005FECDB /* libopencv_surface_matching.4.8.0.dylib in Frameworks */ = {isa = PBXBuildFile; fileRef = 98DD4DC72B35B6F6005FECDB /* libopencv_surface_matching.4.8.0.dylib */; };
		98DD4DFF2B35B6F6005FECDB /* libopencv_tracking.4.8.0.dylib in Frameworks */ = {isa = PBXBuildFile; fileRef = 98DD4DC82B35B6F6005FECDB /* libopencv_tracking.4.8.0.dylib */; };
		98DD4E002B35B6F6005FECDB /* libopencv_saliency.4.8.0.dylib in Frameworks */ = {isa = PBXBuildFile; fileRef = 98DD4DC92B35B6F6005FECDB /* libopencv_saliency.4.8.0.dylib */; };
		98DD4E012B35B6F6005FECDB /* libopencv_text.4.8.0.dylib in Frameworks */ = {isa = PBXBuildFile; fileRef = 98DD4DCA2B35B6F6005FECDB /* libopencv_text.4.8.0.dylib */; };
		98DD4E022B35B6F6005FECDB /* libopencv_highgui.4.8.0.dylib in Frameworks */ = {isa = PBXBuildFile; fileRef = 98DD4DCB2B35B6F6005FECDB /* libopencv_highgui.4.8.0.dylib */; };
		98DD4E032B35B6F6005FECDB /* libopencv_img_hash.4.8.0.dylib in Frameworks */ = {isa = PBXBuildFile; fileRef = 98DD4DCC2B35B6F6005FECDB /* libopencv_img_hash.4.8.0.dylib */; };
		98DD4E042B35B6F6005FECDB /* libopencv_dnn_superres.4.8.0.dylib in Frameworks */ = {isa = PBXBuildFile; fileRef = 98DD4DCD2B35B6F6005FECDB /* libopencv_dnn_superres.4.8.0.dylib */; };
		98DD4E052B35B6F6005FECDB /* libopencv_video.4.8.0.dylib in Frameworks */ = {isa = PBXBuildFile; fileRef = 98DD4DCE2B35B6F6005FECDB /* libopencv_video.4.8.0.dylib */; };
		98DD4E062B35B6F6005FECDB /* libopencv_quality.4.8.0.dylib in Frameworks */ = {isa = PBXBuildFile; fileRef = 98DD4DCF2B35B6F6005FECDB /* libopencv_quality.4.8.0.dylib */; };
		98DD4E072B35B6F6005FECDB /* libopencv_xphoto.4.8.0.dylib in Frameworks */ = {isa = PBXBuildFile; fileRef = 98DD4DD02B35B6F6005FECDB /* libopencv_xphoto.4.8.0.dylib */; };
		98DD4E082B35B6F6005FECDB /* libopencv_plot.4.8.0.dylib in Frameworks */ = {isa = PBXBuildFile; fileRef = 98DD4DD12B35B6F6005FECDB /* libopencv_plot.4.8.0.dylib */; };
		98DD4E092B35B6F6005FECDB /* libopencv_line_descriptor.4.8.0.dylib in Frameworks */ = {isa = PBXBuildFile; fileRef = 98DD4DD22B35B6F6005FECDB /* libopencv_line_descriptor.4.8.0.dylib */; };
		98DD4E0A2B35B6F6005FECDB /* libopencv_photo.4.8.0.dylib in Frameworks */ = {isa = PBXBuildFile; fileRef = 98DD4DD32B35B6F6005FECDB /* libopencv_photo.4.8.0.dylib */; };
		98DD4E0B2B35B6F6005FECDB /* libopencv_ml.4.8.0.dylib in Frameworks */ = {isa = PBXBuildFile; fileRef = 98DD4DD42B35B6F6005FECDB /* libopencv_ml.4.8.0.dylib */; };
		98DD4E0C2B35B6F6005FECDB /* libopencv_structured_light.4.8.0.dylib in Frameworks */ = {isa = PBXBuildFile; fileRef = 98DD4DD52B35B6F6005FECDB /* libopencv_structured_light.4.8.0.dylib */; };
		98DD4E0D2B35B6F6005FECDB /* libopencv_calib3d.4.8.0.dylib in Frameworks */ = {isa = PBXBuildFile; fileRef = 98DD4DD62B35B6F6005FECDB /* libopencv_calib3d.4.8.0.dylib */; };
		98DD4E0E2B35B6F6005FECDB /* libopencv_fuzzy.4.8.0.dylib in Frameworks */ = {isa = PBXBuildFile; fileRef = 98DD4DD72B35B6F6005FECDB /* libopencv_fuzzy.4.8.0.dylib */; };
		98DD4E0F2B35B6F6005FECDB /* libopencv_superres.4.8.0.dylib in Frameworks */ = {isa = PBXBuildFile; fileRef = 98DD4DD82B35B6F6005FECDB /* libopencv_superres.4.8.0.dylib */; };
		98DD4E102B35B6F6005FECDB /* libopencv_dpm.4.8.0.dylib in Frameworks */ = {isa = PBXBuildFile; fileRef = 98DD4DD92B35B6F6005FECDB /* libopencv_dpm.4.8.0.dylib */; };
		98DD4E112B35B6F6005FECDB /* libopencv_hfs.4.8.0.dylib in Frameworks */ = {isa = PBXBuildFile; fileRef = 98DD4DDA2B35B6F6005FECDB /* libopencv_hfs.4.8.0.dylib */; };
		98DD4E122B35B6F6005FECDB /* libopencv_viz.4.8.0.dylib in Frameworks */ = {isa = PBXBuildFile; fileRef = 98DD4DDB2B35B6F6005FECDB /* libopencv_viz.4.8.0.dylib */; };
		98DD4E132B35B6F6005FECDB /* libopencv_ccalib.4.8.0.dylib in Frameworks */ = {isa = PBXBuildFile; fileRef = 98DD4DDC2B35B6F6005FECDB /* libopencv_ccalib.4.8.0.dylib */; };
		98DD4E142B35B6F6005FECDB /* libopencv_shape.4.8.0.dylib in Frameworks */ = {isa = PBXBuildFile; fileRef = 98DD4DDD2B35B6F6005FECDB /* libopencv_shape.4.8.0.dylib */; };
		98DD4E152B35B6F6005FECDB /* libopencv_mcc.4.8.0.dylib in Frameworks */ = {isa = PBXBuildFile; fileRef = 98DD4DDE2B35B6F6005FECDB /* libopencv_mcc.4.8.0.dylib */; };
		98DD4E162B35B6F6005FECDB /* libopencv_objdetect.4.8.0.dylib in Frameworks */ = {isa = PBXBuildFile; fileRef = 98DD4DDF2B35B6F6005FECDB /* libopencv_objdetect.4.8.0.dylib */; };
		98DD4E172B35B6F6005FECDB /* libopencv_rapid.4.8.0.dylib in Frameworks */ = {isa = PBXBuildFile; fileRef = 98DD4DE02B35B6F6005FECDB /* libopencv_rapid.4.8.0.dylib */; };
		98DD4E182B35B6F6005FECDB /* libopencv_imgcodecs.4.8.0.dylib in Frameworks */ = {isa = PBXBuildFile; fileRef = 98DD4DE12B35B6F6005FECDB /* libopencv_imgcodecs.4.8.0.dylib */; };
		98DD4E192B35B6F6005FECDB /* libopencv_xobjdetect.4.8.0.dylib in Frameworks */ = {isa = PBXBuildFile; fileRef = 98DD4DE22B35B6F6005FECDB /* libopencv_xobjdetect.4.8.0.dylib */; };
		98DD4E1A2B35B6F6005FECDB /* libopencv_freetype.4.8.0.dylib in Frameworks */ = {isa = PBXBuildFile; fileRef = 98DD4DE32B35B6F6005FECDB /* libopencv_freetype.4.8.0.dylib */; };
		98DD4E1B2B35B6F6005FECDB /* libopencv_videostab.4.8.0.dylib in Frameworks */ = {isa = PBXBuildFile; fileRef = 98DD4DE42B35B6F6005FECDB /* libopencv_videostab.4.8.0.dylib */; };
		98DD4E1C2B35B6F6005FECDB /* libopencv_videoio.4.8.0.dylib in Frameworks */ = {isa = PBXBuildFile; fileRef = 98DD4DE52B35B6F6005FECDB /* libopencv_videoio.4.8.0.dylib */; };
		98DD4E1D2B35B6F6005FECDB /* libopencv_dnn.4.8.0.dylib in Frameworks */ = {isa = PBXBuildFile; fileRef = 98DD4DE62B35B6F6005FECDB /* libopencv_dnn.4.8.0.dylib */; };
		98DD4E1E2B35B6F6005FECDB /* libopencv_dnn_objdetect.4.8.0.dylib in Frameworks */ = {isa = PBXBuildFile; fileRef = 98DD4DE72B35B6F6005FECDB /* libopencv_dnn_objdetect.4.8.0.dylib */; };
		98DD4E1F2B35B6F6005FECDB /* libopencv_gapi.4.8.0.dylib in Frameworks */ = {isa = PBXBuildFile; fileRef = 98DD4DE82B35B6F6005FECDB /* libopencv_gapi.4.8.0.dylib */; };
		98DD4E202B35B6F6005FECDB /* libopencv_aruco.4.8.0.dylib in Frameworks */ = {isa = PBXBuildFile; fileRef = 98DD4DE92B35B6F6005FECDB /* libopencv_aruco.4.8.0.dylib */; };
		98DD4E582B35B83F005FECDB /* libopencv_mcc.4.8.0.dylib in Frameworks */ = {isa = PBXBuildFile; fileRef = 98DD4E212B35B83E005FECDB /* libopencv_mcc.4.8.0.dylib */; };
		98DD4E592B35B83F005FECDB /* libopencv_imgproc.4.8.0.dylib in Frameworks */ = {isa = PBXBuildFile; fileRef = 98DD4E222B35B83E005FECDB /* libopencv_imgproc.4.8.0.dylib */; };
		98DD4E5A2B35B83F005FECDB /* libopencv_ccalib.4.8.0.dylib in Frameworks */ = {isa = PBXBuildFile; fileRef = 98DD4E232B35B83E005FECDB /* libopencv_ccalib.4.8.0.dylib */; };
		98DD4E5B2B35B83F005FECDB /* libopencv_face.4.8.0.dylib in Frameworks */ = {isa = PBXBuildFile; fileRef = 98DD4E242B35B83E005FECDB /* libopencv_face.4.8.0.dylib */; };
		98DD4E5C2B35B83F005FECDB /* libopencv_superres.4.8.0.dylib in Frameworks */ = {isa = PBXBuildFile; fileRef = 98DD4E252B35B83E005FECDB /* libopencv_superres.4.8.0.dylib */; };
		98DD4E5D2B35B83F005FECDB /* libopencv_reg.4.8.0.dylib in Frameworks */ = {isa = PBXBuildFile; fileRef = 98DD4E262B35B83E005FECDB /* libopencv_reg.4.8.0.dylib */; };
		98DD4E5E2B35B83F005FECDB /* libopencv_ml.4.8.0.dylib in Frameworks */ = {isa = PBXBuildFile; fileRef = 98DD4E272B35B83E005FECDB /* libopencv_ml.4.8.0.dylib */; };
		98DD4E5F2B35B83F005FECDB /* libopencv_videoio.4.8.0.dylib in Frameworks */ = {isa = PBXBuildFile; fileRef = 98DD4E282B35B83E005FECDB /* libopencv_videoio.4.8.0.dylib */; };
		98DD4E602B35B83F005FECDB /* libopencv_viz.4.8.0.dylib in Frameworks */ = {isa = PBXBuildFile; fileRef = 98DD4E292B35B83E005FECDB /* libopencv_viz.4.8.0.dylib */; };
		98DD4E612B35B83F005FECDB /* libopencv_calib3d.4.8.0.dylib in Frameworks */ = {isa = PBXBuildFile; fileRef = 98DD4E2A2B35B83E005FECDB /* libopencv_calib3d.4.8.0.dylib */; };
		98DD4E622B35B83F005FECDB /* libopencv_dnn_superres.4.8.0.dylib in Frameworks */ = {isa = PBXBuildFile; fileRef = 98DD4E2B2B35B83E005FECDB /* libopencv_dnn_superres.4.8.0.dylib */; };
		98DD4E632B35B83F005FECDB /* libopencv_videostab.4.8.0.dylib in Frameworks */ = {isa = PBXBuildFile; fileRef = 98DD4E2C2B35B83E005FECDB /* libopencv_videostab.4.8.0.dylib */; };
		98DD4E642B35B83F005FECDB /* libopencv_sfm.4.8.0.dylib in Frameworks */ = {isa = PBXBuildFile; fileRef = 98DD4E2D2B35B83E005FECDB /* libopencv_sfm.4.8.0.dylib */; };
		98DD4E652B35B83F005FECDB /* libopencv_tracking.4.8.0.dylib in Frameworks */ = {isa = PBXBuildFile; fileRef = 98DD4E2E2B35B83E005FECDB /* libopencv_tracking.4.8.0.dylib */; };
		98DD4E662B35B83F005FECDB /* libopencv_phase_unwrapping.4.8.0.dylib in Frameworks */ = {isa = PBXBuildFile; fileRef = 98DD4E2F2B35B83E005FECDB /* libopencv_phase_unwrapping.4.8.0.dylib */; };
		98DD4E672B35B83F005FECDB /* libopencv_img_hash.4.8.0.dylib in Frameworks */ = {isa = PBXBuildFile; fileRef = 98DD4E302B35B83E005FECDB /* libopencv_img_hash.4.8.0.dylib */; };
		98DD4E682B35B83F005FECDB /* libopencv_bioinspired.4.8.0.dylib in Frameworks */ = {isa = PBXBuildFile; fileRef = 98DD4E312B35B83E005FECDB /* libopencv_bioinspired.4.8.0.dylib */; };
		98DD4E692B35B83F005FECDB /* libopencv_intensity_transform.4.8.0.dylib in Frameworks */ = {isa = PBXBuildFile; fileRef = 98DD4E322B35B83E005FECDB /* libopencv_intensity_transform.4.8.0.dylib */; };
		98DD4E6A2B35B83F005FECDB /* libopencv_plot.4.8.0.dylib in Frameworks */ = {isa = PBXBuildFile; fileRef = 98DD4E332B35B83E005FECDB /* libopencv_plot.4.8.0.dylib */; };
		98DD4E6B2B35B83F005FECDB /* libopencv_stitching.4.8.0.dylib in Frameworks */ = {isa = PBXBuildFile; fileRef = 98DD4E342B35B83E005FECDB /* libopencv_stitching.4.8.0.dylib */; };
		98DD4E6C2B35B83F005FECDB /* libopencv_xphoto.4.8.0.dylib in Frameworks */ = {isa = PBXBuildFile; fileRef = 98DD4E352B35B83E005FECDB /* libopencv_xphoto.4.8.0.dylib */; };
		98DD4E6D2B35B83F005FECDB /* libopencv_dnn.4.8.0.dylib in Frameworks */ = {isa = PBXBuildFile; fileRef = 98DD4E362B35B83E005FECDB /* libopencv_dnn.4.8.0.dylib */; };
		98DD4E6E2B35B83F005FECDB /* libopencv_fuzzy.4.8.0.dylib in Frameworks */ = {isa = PBXBuildFile; fileRef = 98DD4E372B35B83E005FECDB /* libopencv_fuzzy.4.8.0.dylib */; };
		98DD4E6F2B35B83F005FECDB /* libopencv_text.4.8.0.dylib in Frameworks */ = {isa = PBXBuildFile; fileRef = 98DD4E382B35B83E005FECDB /* libopencv_text.4.8.0.dylib */; };
		98DD4E702B35B83F005FECDB /* libopencv_saliency.4.8.0.dylib in Frameworks */ = {isa = PBXBuildFile; fileRef = 98DD4E392B35B83E005FECDB /* libopencv_saliency.4.8.0.dylib */; };
		98DD4E712B35B83F005FECDB /* libopencv_wechat_qrcode.4.8.0.dylib in Frameworks */ = {isa = PBXBuildFile; fileRef = 98DD4E3A2B35B83E005FECDB /* libopencv_wechat_qrcode.4.8.0.dylib */; };
		98DD4E722B35B83F005FECDB /* libopencv_shape.4.8.0.dylib in Frameworks */ = {isa = PBXBuildFile; fileRef = 98DD4E3B2B35B83E005FECDB /* libopencv_shape.4.8.0.dylib */; };
		98DD4E732B35B83F005FECDB /* libopencv_rapid.4.8.0.dylib in Frameworks */ = {isa = PBXBuildFile; fileRef = 98DD4E3C2B35B83E005FECDB /* libopencv_rapid.4.8.0.dylib */; };
		98DD4E742B35B83F005FECDB /* libopencv_features2d.4.8.0.dylib in Frameworks */ = {isa = PBXBuildFile; fileRef = 98DD4E3D2B35B83E005FECDB /* libopencv_features2d.4.8.0.dylib */; };
		98DD4E752B35B83F005FECDB /* libopencv_stereo.4.8.0.dylib in Frameworks */ = {isa = PBXBuildFile; fileRef = 98DD4E3E2B35B83E005FECDB /* libopencv_stereo.4.8.0.dylib */; };
		98DD4E762B35B83F005FECDB /* libopencv_bgsegm.4.8.0.dylib in Frameworks */ = {isa = PBXBuildFile; fileRef = 98DD4E3F2B35B83E005FECDB /* libopencv_bgsegm.4.8.0.dylib */; };
		98DD4E772B35B83F005FECDB /* libopencv_optflow.4.8.0.dylib in Frameworks */ = {isa = PBXBuildFile; fileRef = 98DD4E402B35B83E005FECDB /* libopencv_optflow.4.8.0.dylib */; };
		98DD4E782B35B83F005FECDB /* libopencv_photo.4.8.0.dylib in Frameworks */ = {isa = PBXBuildFile; fileRef = 98DD4E412B35B83E005FECDB /* libopencv_photo.4.8.0.dylib */; };
		98DD4E792B35B83F005FECDB /* libopencv_imgcodecs.4.8.0.dylib in Frameworks */ = {isa = PBXBuildFile; fileRef = 98DD4E422B35B83E005FECDB /* libopencv_imgcodecs.4.8.0.dylib */; };
		98DD4E7A2B35B83F005FECDB /* libopencv_xobjdetect.4.8.0.dylib in Frameworks */ = {isa = PBXBuildFile; fileRef = 98DD4E432B35B83E005FECDB /* libopencv_xobjdetect.4.8.0.dylib */; };
		98DD4E7B2B35B83F005FECDB /* libopencv_alphamat.4.8.0.dylib in Frameworks */ = {isa = PBXBuildFile; fileRef = 98DD4E442B35B83E005FECDB /* libopencv_alphamat.4.8.0.dylib */; };
		98DD4E7C2B35B83F005FECDB /* libopencv_quality.4.8.0.dylib in Frameworks */ = {isa = PBXBuildFile; fileRef = 98DD4E452B35B83E005FECDB /* libopencv_quality.4.8.0.dylib */; };
		98DD4E7D2B35B83F005FECDB /* libopencv_aruco.4.8.0.dylib in Frameworks */ = {isa = PBXBuildFile; fileRef = 98DD4E462B35B83E005FECDB /* libopencv_aruco.4.8.0.dylib */; };
		98DD4E7E2B35B83F005FECDB /* libopencv_hfs.4.8.0.dylib in Frameworks */ = {isa = PBXBuildFile; fileRef = 98DD4E472B35B83E005FECDB /* libopencv_hfs.4.8.0.dylib */; };
		98DD4E7F2B35B83F005FECDB /* libopencv_xfeatures2d.4.8.0.dylib in Frameworks */ = {isa = PBXBuildFile; fileRef = 98DD4E482B35B83E005FECDB /* libopencv_xfeatures2d.4.8.0.dylib */; };
		98DD4E802B35B83F005FECDB /* libopencv_freetype.4.8.0.dylib in Frameworks */ = {isa = PBXBuildFile; fileRef = 98DD4E492B35B83E005FECDB /* libopencv_freetype.4.8.0.dylib */; };
		98DD4E812B35B83F005FECDB /* libopencv_flann.4.8.0.dylib in Frameworks */ = {isa = PBXBuildFile; fileRef = 98DD4E4A2B35B83E005FECDB /* libopencv_flann.4.8.0.dylib */; };
		98DD4E822B35B83F005FECDB /* libopencv_objdetect.4.8.0.dylib in Frameworks */ = {isa = PBXBuildFile; fileRef = 98DD4E4B2B35B83E005FECDB /* libopencv_objdetect.4.8.0.dylib */; };
		98DD4E832B35B83F005FECDB /* libopencv_surface_matching.4.8.0.dylib in Frameworks */ = {isa = PBXBuildFile; fileRef = 98DD4E4C2B35B83E005FECDB /* libopencv_surface_matching.4.8.0.dylib */; };
		98DD4E842B35B83F005FECDB /* libopencv_dnn_objdetect.4.8.0.dylib in Frameworks */ = {isa = PBXBuildFile; fileRef = 98DD4E4D2B35B83E005FECDB /* libopencv_dnn_objdetect.4.8.0.dylib */; };
		98DD4E852B35B83F005FECDB /* libopencv_datasets.4.8.0.dylib in Frameworks */ = {isa = PBXBuildFile; fileRef = 98DD4E4E2B35B83E005FECDB /* libopencv_datasets.4.8.0.dylib */; };
		98DD4E862B35B83F005FECDB /* libopencv_dpm.4.8.0.dylib in Frameworks */ = {isa = PBXBuildFile; fileRef = 98DD4E4F2B35B83F005FECDB /* libopencv_dpm.4.8.0.dylib */; };
		98DD4E872B35B83F005FECDB /* libopencv_ximgproc.4.8.0.dylib in Frameworks */ = {isa = PBXBuildFile; fileRef = 98DD4E502B35B83F005FECDB /* libopencv_ximgproc.4.8.0.dylib */; };
		98DD4E882B35B83F005FECDB /* libopencv_rgbd.4.8.0.dylib in Frameworks */ = {isa = PBXBuildFile; fileRef = 98DD4E512B35B83F005FECDB /* libopencv_rgbd.4.8.0.dylib */; };
		98DD4E892B35B83F005FECDB /* libopencv_video.4.8.0.dylib in Frameworks */ = {isa = PBXBuildFile; fileRef = 98DD4E522B35B83F005FECDB /* libopencv_video.4.8.0.dylib */; };
		98DD4E8A2B35B83F005FECDB /* libopencv_structured_light.4.8.0.dylib in Frameworks */ = {isa = PBXBuildFile; fileRef = 98DD4E532B35B83F005FECDB /* libopencv_structured_light.4.8.0.dylib */; };
		98DD4E8B2B35B83F005FECDB /* libopencv_core.4.8.0.dylib in Frameworks */ = {isa = PBXBuildFile; fileRef = 98DD4E542B35B83F005FECDB /* libopencv_core.4.8.0.dylib */; };
		98DD4E8C2B35B83F005FECDB /* libopencv_line_descriptor.4.8.0.dylib in Frameworks */ = {isa = PBXBuildFile; fileRef = 98DD4E552B35B83F005FECDB /* libopencv_line_descriptor.4.8.0.dylib */; };
		98DD4E8D2B35B83F005FECDB /* libopencv_gapi.4.8.0.dylib in Frameworks */ = {isa = PBXBuildFile; fileRef = 98DD4E562B35B83F005FECDB /* libopencv_gapi.4.8.0.dylib */; };
		98DD4E8E2B35B83F005FECDB /* libopencv_highgui.4.8.0.dylib in Frameworks */ = {isa = PBXBuildFile; fileRef = 98DD4E572B35B83F005FECDB /* libopencv_highgui.4.8.0.dylib */; };
/* End PBXBuildFile section */

/* Begin PBXCopyFilesBuildPhase section */
		98DD4BDE2B2FF424005FECDB /* CopyFiles */ = {
			isa = PBXCopyFilesBuildPhase;
			buildActionMask = 2147483647;
			dstPath = /usr/share/man/man1/;
			dstSubfolderSpec = 0;
			files = (
			);
			runOnlyForDeploymentPostprocessing = 1;
		};
/* End PBXCopyFilesBuildPhase section */

/* Begin PBXFileReference section */
		98DD4BE02B2FF424005FECDB /* ImageStitching */ = {isa = PBXFileReference; explicitFileType = "compiled.mach-o.executable"; includeInIndex = 0; path = ImageStitching; sourceTree = BUILT_PRODUCTS_DIR; };
		98DD4BE32B2FF424005FECDB /* main.cpp */ = {isa = PBXFileReference; lastKnownFileType = sourcecode.cpp.cpp; path = main.cpp; sourceTree = "<group>"; };
		98DD4DB32B35B6F6005FECDB /* libopencv_imgproc.4.8.0.dylib */ = {isa = PBXFileReference; lastKnownFileType = "compiled.mach-o.dylib"; name = libopencv_imgproc.4.8.0.dylib; path = ../../../../../opt/homebrew/Cellar/opencv/4.8.0_6/lib/libopencv_imgproc.4.8.0.dylib; sourceTree = "<group>"; };
		98DD4DB42B35B6F6005FECDB /* libopencv_bgsegm.4.8.0.dylib */ = {isa = PBXFileReference; lastKnownFileType = "compiled.mach-o.dylib"; name = libopencv_bgsegm.4.8.0.dylib; path = ../../../../../opt/homebrew/Cellar/opencv/4.8.0_6/lib/libopencv_bgsegm.4.8.0.dylib; sourceTree = "<group>"; };
		98DD4DB52B35B6F6005FECDB /* libopencv_face.4.8.0.dylib */ = {isa = PBXFileReference; lastKnownFileType = "compiled.mach-o.dylib"; name = libopencv_face.4.8.0.dylib; path = ../../../../../opt/homebrew/Cellar/opencv/4.8.0_6/lib/libopencv_face.4.8.0.dylib; sourceTree = "<group>"; };
		98DD4DB62B35B6F6005FECDB /* libopencv_features2d.4.8.0.dylib */ = {isa = PBXFileReference; lastKnownFileType = "compiled.mach-o.dylib"; name = libopencv_features2d.4.8.0.dylib; path = ../../../../../opt/homebrew/Cellar/opencv/4.8.0_6/lib/libopencv_features2d.4.8.0.dylib; sourceTree = "<group>"; };
		98DD4DB72B35B6F6005FECDB /* libopencv_reg.4.8.0.dylib */ = {isa = PBXFileReference; lastKnownFileType = "compiled.mach-o.dylib"; name = libopencv_reg.4.8.0.dylib; path = ../../../../../opt/homebrew/Cellar/opencv/4.8.0_6/lib/libopencv_reg.4.8.0.dylib; sourceTree = "<group>"; };
		98DD4DB82B35B6F6005FECDB /* libopencv_bioinspired.4.8.0.dylib */ = {isa = PBXFileReference; lastKnownFileType = "compiled.mach-o.dylib"; name = libopencv_bioinspired.4.8.0.dylib; path = ../../../../../opt/homebrew/Cellar/opencv/4.8.0_6/lib/libopencv_bioinspired.4.8.0.dylib; sourceTree = "<group>"; };
		98DD4DB92B35B6F6005FECDB /* libopencv_phase_unwrapping.4.8.0.dylib */ = {isa = PBXFileReference; lastKnownFileType = "compiled.mach-o.dylib"; name = libopencv_phase_unwrapping.4.8.0.dylib; path = ../../../../../opt/homebrew/Cellar/opencv/4.8.0_6/lib/libopencv_phase_unwrapping.4.8.0.dylib; sourceTree = "<group>"; };
		98DD4DBA2B35B6F6005FECDB /* libopencv_rgbd.4.8.0.dylib */ = {isa = PBXFileReference; lastKnownFileType = "compiled.mach-o.dylib"; name = libopencv_rgbd.4.8.0.dylib; path = ../../../../../opt/homebrew/Cellar/opencv/4.8.0_6/lib/libopencv_rgbd.4.8.0.dylib; sourceTree = "<group>"; };
		98DD4DBB2B35B6F6005FECDB /* libopencv_core.4.8.0.dylib */ = {isa = PBXFileReference; lastKnownFileType = "compiled.mach-o.dylib"; name = libopencv_core.4.8.0.dylib; path = ../../../../../opt/homebrew/Cellar/opencv/4.8.0_6/lib/libopencv_core.4.8.0.dylib; sourceTree = "<group>"; };
		98DD4DBC2B35B6F6005FECDB /* libopencv_alphamat.4.8.0.dylib */ = {isa = PBXFileReference; lastKnownFileType = "compiled.mach-o.dylib"; name = libopencv_alphamat.4.8.0.dylib; path = ../../../../../opt/homebrew/Cellar/opencv/4.8.0_6/lib/libopencv_alphamat.4.8.0.dylib; sourceTree = "<group>"; };
		98DD4DBD2B35B6F6005FECDB /* libopencv_xfeatures2d.4.8.0.dylib */ = {isa = PBXFileReference; lastKnownFileType = "compiled.mach-o.dylib"; name = libopencv_xfeatures2d.4.8.0.dylib; path = ../../../../../opt/homebrew/Cellar/opencv/4.8.0_6/lib/libopencv_xfeatures2d.4.8.0.dylib; sourceTree = "<group>"; };
		98DD4DBE2B35B6F6005FECDB /* libopencv_stereo.4.8.0.dylib */ = {isa = PBXFileReference; lastKnownFileType = "compiled.mach-o.dylib"; name = libopencv_stereo.4.8.0.dylib; path = ../../../../../opt/homebrew/Cellar/opencv/4.8.0_6/lib/libopencv_stereo.4.8.0.dylib; sourceTree = "<group>"; };
		98DD4DBF2B35B6F6005FECDB /* libopencv_intensity_transform.4.8.0.dylib */ = {isa = PBXFileReference; lastKnownFileType = "compiled.mach-o.dylib"; name = libopencv_intensity_transform.4.8.0.dylib; path = ../../../../../opt/homebrew/Cellar/opencv/4.8.0_6/lib/libopencv_intensity_transform.4.8.0.dylib; sourceTree = "<group>"; };
		98DD4DC02B35B6F6005FECDB /* libopencv_wechat_qrcode.4.8.0.dylib */ = {isa = PBXFileReference; lastKnownFileType = "compiled.mach-o.dylib"; name = libopencv_wechat_qrcode.4.8.0.dylib; path = ../../../../../opt/homebrew/Cellar/opencv/4.8.0_6/lib/libopencv_wechat_qrcode.4.8.0.dylib; sourceTree = "<group>"; };
		98DD4DC12B35B6F6005FECDB /* libopencv_optflow.4.8.0.dylib */ = {isa = PBXFileReference; lastKnownFileType = "compiled.mach-o.dylib"; name = libopencv_optflow.4.8.0.dylib; path = ../../../../../opt/homebrew/Cellar/opencv/4.8.0_6/lib/libopencv_optflow.4.8.0.dylib; sourceTree = "<group>"; };
		98DD4DC22B35B6F6005FECDB /* libopencv_datasets.4.8.0.dylib */ = {isa = PBXFileReference; lastKnownFileType = "compiled.mach-o.dylib"; name = libopencv_datasets.4.8.0.dylib; path = ../../../../../opt/homebrew/Cellar/opencv/4.8.0_6/lib/libopencv_datasets.4.8.0.dylib; sourceTree = "<group>"; };
		98DD4DC32B35B6F6005FECDB /* libopencv_ximgproc.4.8.0.dylib */ = {isa = PBXFileReference; lastKnownFileType = "compiled.mach-o.dylib"; name = libopencv_ximgproc.4.8.0.dylib; path = ../../../../../opt/homebrew/Cellar/opencv/4.8.0_6/lib/libopencv_ximgproc.4.8.0.dylib; sourceTree = "<group>"; };
		98DD4DC42B35B6F6005FECDB /* libopencv_flann.4.8.0.dylib */ = {isa = PBXFileReference; lastKnownFileType = "compiled.mach-o.dylib"; name = libopencv_flann.4.8.0.dylib; path = ../../../../../opt/homebrew/Cellar/opencv/4.8.0_6/lib/libopencv_flann.4.8.0.dylib; sourceTree = "<group>"; };
		98DD4DC52B35B6F6005FECDB /* libopencv_sfm.4.8.0.dylib */ = {isa = PBXFileReference; lastKnownFileType = "compiled.mach-o.dylib"; name = libopencv_sfm.4.8.0.dylib; path = ../../../../../opt/homebrew/Cellar/opencv/4.8.0_6/lib/libopencv_sfm.4.8.0.dylib; sourceTree = "<group>"; };
		98DD4DC62B35B6F6005FECDB /* libopencv_stitching.4.8.0.dylib */ = {isa = PBXFileReference; lastKnownFileType = "compiled.mach-o.dylib"; name = libopencv_stitching.4.8.0.dylib; path = ../../../../../opt/homebrew/Cellar/opencv/4.8.0_6/lib/libopencv_stitching.4.8.0.dylib; sourceTree = "<group>"; };
		98DD4DC72B35B6F6005FECDB /* libopencv_surface_matching.4.8.0.dylib */ = {isa = PBXFileReference; lastKnownFileType = "compiled.mach-o.dylib"; name = libopencv_surface_matching.4.8.0.dylib; path = ../../../../../opt/homebrew/Cellar/opencv/4.8.0_6/lib/libopencv_surface_matching.4.8.0.dylib; sourceTree = "<group>"; };
		98DD4DC82B35B6F6005FECDB /* libopencv_tracking.4.8.0.dylib */ = {isa = PBXFileReference; lastKnownFileType = "compiled.mach-o.dylib"; name = libopencv_tracking.4.8.0.dylib; path = ../../../../../opt/homebrew/Cellar/opencv/4.8.0_6/lib/libopencv_tracking.4.8.0.dylib; sourceTree = "<group>"; };
		98DD4DC92B35B6F6005FECDB /* libopencv_saliency.4.8.0.dylib */ = {isa = PBXFileReference; lastKnownFileType = "compiled.mach-o.dylib"; name = libopencv_saliency.4.8.0.dylib; path = ../../../../../opt/homebrew/Cellar/opencv/4.8.0_6/lib/libopencv_saliency.4.8.0.dylib; sourceTree = "<group>"; };
		98DD4DCA2B35B6F6005FECDB /* libopencv_text.4.8.0.dylib */ = {isa = PBXFileReference; lastKnownFileType = "compiled.mach-o.dylib"; name = libopencv_text.4.8.0.dylib; path = ../../../../../opt/homebrew/Cellar/opencv/4.8.0_6/lib/libopencv_text.4.8.0.dylib; sourceTree = "<group>"; };
		98DD4DCB2B35B6F6005FECDB /* libopencv_highgui.4.8.0.dylib */ = {isa = PBXFileReference; lastKnownFileType = "compiled.mach-o.dylib"; name = libopencv_highgui.4.8.0.dylib; path = ../../../../../opt/homebrew/Cellar/opencv/4.8.0_6/lib/libopencv_highgui.4.8.0.dylib; sourceTree = "<group>"; };
		98DD4DCC2B35B6F6005FECDB /* libopencv_img_hash.4.8.0.dylib */ = {isa = PBXFileReference; lastKnownFileType = "compiled.mach-o.dylib"; name = libopencv_img_hash.4.8.0.dylib; path = ../../../../../opt/homebrew/Cellar/opencv/4.8.0_6/lib/libopencv_img_hash.4.8.0.dylib; sourceTree = "<group>"; };
		98DD4DCD2B35B6F6005FECDB /* libopencv_dnn_superres.4.8.0.dylib */ = {isa = PBXFileReference; lastKnownFileType = "compiled.mach-o.dylib"; name = libopencv_dnn_superres.4.8.0.dylib; path = ../../../../../opt/homebrew/Cellar/opencv/4.8.0_6/lib/libopencv_dnn_superres.4.8.0.dylib; sourceTree = "<group>"; };
		98DD4DCE2B35B6F6005FECDB /* libopencv_video.4.8.0.dylib */ = {isa = PBXFileReference; lastKnownFileType = "compiled.mach-o.dylib"; name = libopencv_video.4.8.0.dylib; path = ../../../../../opt/homebrew/Cellar/opencv/4.8.0_6/lib/libopencv_video.4.8.0.dylib; sourceTree = "<group>"; };
		98DD4DCF2B35B6F6005FECDB /* libopencv_quality.4.8.0.dylib */ = {isa = PBXFileReference; lastKnownFileType = "compiled.mach-o.dylib"; name = libopencv_quality.4.8.0.dylib; path = ../../../../../opt/homebrew/Cellar/opencv/4.8.0_6/lib/libopencv_quality.4.8.0.dylib; sourceTree = "<group>"; };
		98DD4DD02B35B6F6005FECDB /* libopencv_xphoto.4.8.0.dylib */ = {isa = PBXFileReference; lastKnownFileType = "compiled.mach-o.dylib"; name = libopencv_xphoto.4.8.0.dylib; path = ../../../../../opt/homebrew/Cellar/opencv/4.8.0_6/lib/libopencv_xphoto.4.8.0.dylib; sourceTree = "<group>"; };
		98DD4DD12B35B6F6005FECDB /* libopencv_plot.4.8.0.dylib */ = {isa = PBXFileReference; lastKnownFileType = "compiled.mach-o.dylib"; name = libopencv_plot.4.8.0.dylib; path = ../../../../../opt/homebrew/Cellar/opencv/4.8.0_6/lib/libopencv_plot.4.8.0.dylib; sourceTree = "<group>"; };
		98DD4DD22B35B6F6005FECDB /* libopencv_line_descriptor.4.8.0.dylib */ = {isa = PBXFileReference; lastKnownFileType = "compiled.mach-o.dylib"; name = libopencv_line_descriptor.4.8.0.dylib; path = ../../../../../opt/homebrew/Cellar/opencv/4.8.0_6/lib/libopencv_line_descriptor.4.8.0.dylib; sourceTree = "<group>"; };
		98DD4DD32B35B6F6005FECDB /* libopencv_photo.4.8.0.dylib */ = {isa = PBXFileReference; lastKnownFileType = "compiled.mach-o.dylib"; name = libopencv_photo.4.8.0.dylib; path = ../../../../../opt/homebrew/Cellar/opencv/4.8.0_6/lib/libopencv_photo.4.8.0.dylib; sourceTree = "<group>"; };
		98DD4DD42B35B6F6005FECDB /* libopencv_ml.4.8.0.dylib */ = {isa = PBXFileReference; lastKnownFileType = "compiled.mach-o.dylib"; name = libopencv_ml.4.8.0.dylib; path = ../../../../../opt/homebrew/Cellar/opencv/4.8.0_6/lib/libopencv_ml.4.8.0.dylib; sourceTree = "<group>"; };
		98DD4DD52B35B6F6005FECDB /* libopencv_structured_light.4.8.0.dylib */ = {isa = PBXFileReference; lastKnownFileType = "compiled.mach-o.dylib"; name = libopencv_structured_light.4.8.0.dylib; path = ../../../../../opt/homebrew/Cellar/opencv/4.8.0_6/lib/libopencv_structured_light.4.8.0.dylib; sourceTree = "<group>"; };
		98DD4DD62B35B6F6005FECDB /* libopencv_calib3d.4.8.0.dylib */ = {isa = PBXFileReference; lastKnownFileType = "compiled.mach-o.dylib"; name = libopencv_calib3d.4.8.0.dylib; path = ../../../../../opt/homebrew/Cellar/opencv/4.8.0_6/lib/libopencv_calib3d.4.8.0.dylib; sourceTree = "<group>"; };
		98DD4DD72B35B6F6005FECDB /* libopencv_fuzzy.4.8.0.dylib */ = {isa = PBXFileReference; lastKnownFileType = "compiled.mach-o.dylib"; name = libopencv_fuzzy.4.8.0.dylib; path = ../../../../../opt/homebrew/Cellar/opencv/4.8.0_6/lib/libopencv_fuzzy.4.8.0.dylib; sourceTree = "<group>"; };
		98DD4DD82B35B6F6005FECDB /* libopencv_superres.4.8.0.dylib */ = {isa = PBXFileReference; lastKnownFileType = "compiled.mach-o.dylib"; name = libopencv_superres.4.8.0.dylib; path = ../../../../../opt/homebrew/Cellar/opencv/4.8.0_6/lib/libopencv_superres.4.8.0.dylib; sourceTree = "<group>"; };
		98DD4DD92B35B6F6005FECDB /* libopencv_dpm.4.8.0.dylib */ = {isa = PBXFileReference; lastKnownFileType = "compiled.mach-o.dylib"; name = libopencv_dpm.4.8.0.dylib; path = ../../../../../opt/homebrew/Cellar/opencv/4.8.0_6/lib/libopencv_dpm.4.8.0.dylib; sourceTree = "<group>"; };
		98DD4DDA2B35B6F6005FECDB /* libopencv_hfs.4.8.0.dylib */ = {isa = PBXFileReference; lastKnownFileType = "compiled.mach-o.dylib"; name = libopencv_hfs.4.8.0.dylib; path = ../../../../../opt/homebrew/Cellar/opencv/4.8.0_6/lib/libopencv_hfs.4.8.0.dylib; sourceTree = "<group>"; };
		98DD4DDB2B35B6F6005FECDB /* libopencv_viz.4.8.0.dylib */ = {isa = PBXFileReference; lastKnownFileType = "compiled.mach-o.dylib"; name = libopencv_viz.4.8.0.dylib; path = ../../../../../opt/homebrew/Cellar/opencv/4.8.0_6/lib/libopencv_viz.4.8.0.dylib; sourceTree = "<group>"; };
		98DD4DDC2B35B6F6005FECDB /* libopencv_ccalib.4.8.0.dylib */ = {isa = PBXFileReference; lastKnownFileType = "compiled.mach-o.dylib"; name = libopencv_ccalib.4.8.0.dylib; path = ../../../../../opt/homebrew/Cellar/opencv/4.8.0_6/lib/libopencv_ccalib.4.8.0.dylib; sourceTree = "<group>"; };
		98DD4DDD2B35B6F6005FECDB /* libopencv_shape.4.8.0.dylib */ = {isa = PBXFileReference; lastKnownFileType = "compiled.mach-o.dylib"; name = libopencv_shape.4.8.0.dylib; path = ../../../../../opt/homebrew/Cellar/opencv/4.8.0_6/lib/libopencv_shape.4.8.0.dylib; sourceTree = "<group>"; };
		98DD4DDE2B35B6F6005FECDB /* libopencv_mcc.4.8.0.dylib */ = {isa = PBXFileReference; lastKnownFileType = "compiled.mach-o.dylib"; name = libopencv_mcc.4.8.0.dylib; path = ../../../../../opt/homebrew/Cellar/opencv/4.8.0_6/lib/libopencv_mcc.4.8.0.dylib; sourceTree = "<group>"; };
		98DD4DDF2B35B6F6005FECDB /* libopencv_objdetect.4.8.0.dylib */ = {isa = PBXFileReference; lastKnownFileType = "compiled.mach-o.dylib"; name = libopencv_objdetect.4.8.0.dylib; path = ../../../../../opt/homebrew/Cellar/opencv/4.8.0_6/lib/libopencv_objdetect.4.8.0.dylib; sourceTree = "<group>"; };
		98DD4DE02B35B6F6005FECDB /* libopencv_rapid.4.8.0.dylib */ = {isa = PBXFileReference; lastKnownFileType = "compiled.mach-o.dylib"; name = libopencv_rapid.4.8.0.dylib; path = ../../../../../opt/homebrew/Cellar/opencv/4.8.0_6/lib/libopencv_rapid.4.8.0.dylib; sourceTree = "<group>"; };
		98DD4DE12B35B6F6005FECDB /* libopencv_imgcodecs.4.8.0.dylib */ = {isa = PBXFileReference; lastKnownFileType = "compiled.mach-o.dylib"; name = libopencv_imgcodecs.4.8.0.dylib; path = ../../../../../opt/homebrew/Cellar/opencv/4.8.0_6/lib/libopencv_imgcodecs.4.8.0.dylib; sourceTree = "<group>"; };
		98DD4DE22B35B6F6005FECDB /* libopencv_xobjdetect.4.8.0.dylib */ = {isa = PBXFileReference; lastKnownFileType = "compiled.mach-o.dylib"; name = libopencv_xobjdetect.4.8.0.dylib; path = ../../../../../opt/homebrew/Cellar/opencv/4.8.0_6/lib/libopencv_xobjdetect.4.8.0.dylib; sourceTree = "<group>"; };
		98DD4DE32B35B6F6005FECDB /* libopencv_freetype.4.8.0.dylib */ = {isa = PBXFileReference; lastKnownFileType = "compiled.mach-o.dylib"; name = libopencv_freetype.4.8.0.dylib; path = ../../../../../opt/homebrew/Cellar/opencv/4.8.0_6/lib/libopencv_freetype.4.8.0.dylib; sourceTree = "<group>"; };
		98DD4DE42B35B6F6005FECDB /* libopencv_videostab.4.8.0.dylib */ = {isa = PBXFileReference; lastKnownFileType = "compiled.mach-o.dylib"; name = libopencv_videostab.4.8.0.dylib; path = ../../../../../opt/homebrew/Cellar/opencv/4.8.0_6/lib/libopencv_videostab.4.8.0.dylib; sourceTree = "<group>"; };
		98DD4DE52B35B6F6005FECDB /* libopencv_videoio.4.8.0.dylib */ = {isa = PBXFileReference; lastKnownFileType = "compiled.mach-o.dylib"; name = libopencv_videoio.4.8.0.dylib; path = ../../../../../opt/homebrew/Cellar/opencv/4.8.0_6/lib/libopencv_videoio.4.8.0.dylib; sourceTree = "<group>"; };
		98DD4DE62B35B6F6005FECDB /* libopencv_dnn.4.8.0.dylib */ = {isa = PBXFileReference; lastKnownFileType = "compiled.mach-o.dylib"; name = libopencv_dnn.4.8.0.dylib; path = ../../../../../opt/homebrew/Cellar/opencv/4.8.0_6/lib/libopencv_dnn.4.8.0.dylib; sourceTree = "<group>"; };
		98DD4DE72B35B6F6005FECDB /* libopencv_dnn_objdetect.4.8.0.dylib */ = {isa = PBXFileReference; lastKnownFileType = "compiled.mach-o.dylib"; name = libopencv_dnn_objdetect.4.8.0.dylib; path = ../../../../../opt/homebrew/Cellar/opencv/4.8.0_6/lib/libopencv_dnn_objdetect.4.8.0.dylib; sourceTree = "<group>"; };
		98DD4DE82B35B6F6005FECDB /* libopencv_gapi.4.8.0.dylib */ = {isa = PBXFileReference; lastKnownFileType = "compiled.mach-o.dylib"; name = libopencv_gapi.4.8.0.dylib; path = ../../../../../opt/homebrew/Cellar/opencv/4.8.0_6/lib/libopencv_gapi.4.8.0.dylib; sourceTree = "<group>"; };
		98DD4DE92B35B6F6005FECDB /* libopencv_aruco.4.8.0.dylib */ = {isa = PBXFileReference; lastKnownFileType = "compiled.mach-o.dylib"; name = libopencv_aruco.4.8.0.dylib; path = ../../../../../opt/homebrew/Cellar/opencv/4.8.0_6/lib/libopencv_aruco.4.8.0.dylib; sourceTree = "<group>"; };
		98DD4E212B35B83E005FECDB /* libopencv_mcc.4.8.0.dylib */ = {isa = PBXFileReference; lastKnownFileType = "compiled.mach-o.dylib"; name = libopencv_mcc.4.8.0.dylib; path = ../../../../../opt/homebrew/Cellar/opencv/4.8.0_6/lib/libopencv_mcc.4.8.0.dylib; sourceTree = "<group>"; };
		98DD4E222B35B83E005FECDB /* libopencv_imgproc.4.8.0.dylib */ = {isa = PBXFileReference; lastKnownFileType = "compiled.mach-o.dylib"; name = libopencv_imgproc.4.8.0.dylib; path = ../../../../../opt/homebrew/Cellar/opencv/4.8.0_6/lib/libopencv_imgproc.4.8.0.dylib; sourceTree = "<group>"; };
		98DD4E232B35B83E005FECDB /* libopencv_ccalib.4.8.0.dylib */ = {isa = PBXFileReference; lastKnownFileType = "compiled.mach-o.dylib"; name = libopencv_ccalib.4.8.0.dylib; path = ../../../../../opt/homebrew/Cellar/opencv/4.8.0_6/lib/libopencv_ccalib.4.8.0.dylib; sourceTree = "<group>"; };
		98DD4E242B35B83E005FECDB /* libopencv_face.4.8.0.dylib */ = {isa = PBXFileReference; lastKnownFileType = "compiled.mach-o.dylib"; name = libopencv_face.4.8.0.dylib; path = ../../../../../opt/homebrew/Cellar/opencv/4.8.0_6/lib/libopencv_face.4.8.0.dylib; sourceTree = "<group>"; };
		98DD4E252B35B83E005FECDB /* libopencv_superres.4.8.0.dylib */ = {isa = PBXFileReference; lastKnownFileType = "compiled.mach-o.dylib"; name = libopencv_superres.4.8.0.dylib; path = ../../../../../opt/homebrew/Cellar/opencv/4.8.0_6/lib/libopencv_superres.4.8.0.dylib; sourceTree = "<group>"; };
		98DD4E262B35B83E005FECDB /* libopencv_reg.4.8.0.dylib */ = {isa = PBXFileReference; lastKnownFileType = "compiled.mach-o.dylib"; name = libopencv_reg.4.8.0.dylib; path = ../../../../../opt/homebrew/Cellar/opencv/4.8.0_6/lib/libopencv_reg.4.8.0.dylib; sourceTree = "<group>"; };
		98DD4E272B35B83E005FECDB /* libopencv_ml.4.8.0.dylib */ = {isa = PBXFileReference; lastKnownFileType = "compiled.mach-o.dylib"; name = libopencv_ml.4.8.0.dylib; path = ../../../../../opt/homebrew/Cellar/opencv/4.8.0_6/lib/libopencv_ml.4.8.0.dylib; sourceTree = "<group>"; };
		98DD4E282B35B83E005FECDB /* libopencv_videoio.4.8.0.dylib */ = {isa = PBXFileReference; lastKnownFileType = "compiled.mach-o.dylib"; name = libopencv_videoio.4.8.0.dylib; path = ../../../../../opt/homebrew/Cellar/opencv/4.8.0_6/lib/libopencv_videoio.4.8.0.dylib; sourceTree = "<group>"; };
		98DD4E292B35B83E005FECDB /* libopencv_viz.4.8.0.dylib */ = {isa = PBXFileReference; lastKnownFileType = "compiled.mach-o.dylib"; name = libopencv_viz.4.8.0.dylib; path = ../../../../../opt/homebrew/Cellar/opencv/4.8.0_6/lib/libopencv_viz.4.8.0.dylib; sourceTree = "<group>"; };
		98DD4E2A2B35B83E005FECDB /* libopencv_calib3d.4.8.0.dylib */ = {isa = PBXFileReference; lastKnownFileType = "compiled.mach-o.dylib"; name = libopencv_calib3d.4.8.0.dylib; path = ../../../../../opt/homebrew/Cellar/opencv/4.8.0_6/lib/libopencv_calib3d.4.8.0.dylib; sourceTree = "<group>"; };
		98DD4E2B2B35B83E005FECDB /* libopencv_dnn_superres.4.8.0.dylib */ = {isa = PBXFileReference; lastKnownFileType = "compiled.mach-o.dylib"; name = libopencv_dnn_superres.4.8.0.dylib; path = ../../../../../opt/homebrew/Cellar/opencv/4.8.0_6/lib/libopencv_dnn_superres.4.8.0.dylib; sourceTree = "<group>"; };
		98DD4E2C2B35B83E005FECDB /* libopencv_videostab.4.8.0.dylib */ = {isa = PBXFileReference; lastKnownFileType = "compiled.mach-o.dylib"; name = libopencv_videostab.4.8.0.dylib; path = ../../../../../opt/homebrew/Cellar/opencv/4.8.0_6/lib/libopencv_videostab.4.8.0.dylib; sourceTree = "<group>"; };
		98DD4E2D2B35B83E005FECDB /* libopencv_sfm.4.8.0.dylib */ = {isa = PBXFileReference; lastKnownFileType = "compiled.mach-o.dylib"; name = libopencv_sfm.4.8.0.dylib; path = ../../../../../opt/homebrew/Cellar/opencv/4.8.0_6/lib/libopencv_sfm.4.8.0.dylib; sourceTree = "<group>"; };
		98DD4E2E2B35B83E005FECDB /* libopencv_tracking.4.8.0.dylib */ = {isa = PBXFileReference; lastKnownFileType = "compiled.mach-o.dylib"; name = libopencv_tracking.4.8.0.dylib; path = ../../../../../opt/homebrew/Cellar/opencv/4.8.0_6/lib/libopencv_tracking.4.8.0.dylib; sourceTree = "<group>"; };
		98DD4E2F2B35B83E005FECDB /* libopencv_phase_unwrapping.4.8.0.dylib */ = {isa = PBXFileReference; lastKnownFileType = "compiled.mach-o.dylib"; name = libopencv_phase_unwrapping.4.8.0.dylib; path = ../../../../../opt/homebrew/Cellar/opencv/4.8.0_6/lib/libopencv_phase_unwrapping.4.8.0.dylib; sourceTree = "<group>"; };
		98DD4E302B35B83E005FECDB /* libopencv_img_hash.4.8.0.dylib */ = {isa = PBXFileReference; lastKnownFileType = "compiled.mach-o.dylib"; name = libopencv_img_hash.4.8.0.dylib; path = ../../../../../opt/homebrew/Cellar/opencv/4.8.0_6/lib/libopencv_img_hash.4.8.0.dylib; sourceTree = "<group>"; };
		98DD4E312B35B83E005FECDB /* libopencv_bioinspired.4.8.0.dylib */ = {isa = PBXFileReference; lastKnownFileType = "compiled.mach-o.dylib"; name = libopencv_bioinspired.4.8.0.dylib; path = ../../../../../opt/homebrew/Cellar/opencv/4.8.0_6/lib/libopencv_bioinspired.4.8.0.dylib; sourceTree = "<group>"; };
		98DD4E322B35B83E005FECDB /* libopencv_intensity_transform.4.8.0.dylib */ = {isa = PBXFileReference; lastKnownFileType = "compiled.mach-o.dylib"; name = libopencv_intensity_transform.4.8.0.dylib; path = ../../../../../opt/homebrew/Cellar/opencv/4.8.0_6/lib/libopencv_intensity_transform.4.8.0.dylib; sourceTree = "<group>"; };
		98DD4E332B35B83E005FECDB /* libopencv_plot.4.8.0.dylib */ = {isa = PBXFileReference; lastKnownFileType = "compiled.mach-o.dylib"; name = libopencv_plot.4.8.0.dylib; path = ../../../../../opt/homebrew/Cellar/opencv/4.8.0_6/lib/libopencv_plot.4.8.0.dylib; sourceTree = "<group>"; };
		98DD4E342B35B83E005FECDB /* libopencv_stitching.4.8.0.dylib */ = {isa = PBXFileReference; lastKnownFileType = "compiled.mach-o.dylib"; name = libopencv_stitching.4.8.0.dylib; path = ../../../../../opt/homebrew/Cellar/opencv/4.8.0_6/lib/libopencv_stitching.4.8.0.dylib; sourceTree = "<group>"; };
		98DD4E352B35B83E005FECDB /* libopencv_xphoto.4.8.0.dylib */ = {isa = PBXFileReference; lastKnownFileType = "compiled.mach-o.dylib"; name = libopencv_xphoto.4.8.0.dylib; path = ../../../../../opt/homebrew/Cellar/opencv/4.8.0_6/lib/libopencv_xphoto.4.8.0.dylib; sourceTree = "<group>"; };
		98DD4E362B35B83E005FECDB /* libopencv_dnn.4.8.0.dylib */ = {isa = PBXFileReference; lastKnownFileType = "compiled.mach-o.dylib"; name = libopencv_dnn.4.8.0.dylib; path = ../../../../../opt/homebrew/Cellar/opencv/4.8.0_6/lib/libopencv_dnn.4.8.0.dylib; sourceTree = "<group>"; };
		98DD4E372B35B83E005FECDB /* libopencv_fuzzy.4.8.0.dylib */ = {isa = PBXFileReference; lastKnownFileType = "compiled.mach-o.dylib"; name = libopencv_fuzzy.4.8.0.dylib; path = ../../../../../opt/homebrew/Cellar/opencv/4.8.0_6/lib/libopencv_fuzzy.4.8.0.dylib; sourceTree = "<group>"; };
		98DD4E382B35B83E005FECDB /* libopencv_text.4.8.0.dylib */ = {isa = PBXFileReference; lastKnownFileType = "compiled.mach-o.dylib"; name = libopencv_text.4.8.0.dylib; path = ../../../../../opt/homebrew/Cellar/opencv/4.8.0_6/lib/libopencv_text.4.8.0.dylib; sourceTree = "<group>"; };
		98DD4E392B35B83E005FECDB /* libopencv_saliency.4.8.0.dylib */ = {isa = PBXFileReference; lastKnownFileType = "compiled.mach-o.dylib"; name = libopencv_saliency.4.8.0.dylib; path = ../../../../../opt/homebrew/Cellar/opencv/4.8.0_6/lib/libopencv_saliency.4.8.0.dylib; sourceTree = "<group>"; };
		98DD4E3A2B35B83E005FECDB /* libopencv_wechat_qrcode.4.8.0.dylib */ = {isa = PBXFileReference; lastKnownFileType = "compiled.mach-o.dylib"; name = libopencv_wechat_qrcode.4.8.0.dylib; path = ../../../../../opt/homebrew/Cellar/opencv/4.8.0_6/lib/libopencv_wechat_qrcode.4.8.0.dylib; sourceTree = "<group>"; };
		98DD4E3B2B35B83E005FECDB /* libopencv_shape.4.8.0.dylib */ = {isa = PBXFileReference; lastKnownFileType = "compiled.mach-o.dylib"; name = libopencv_shape.4.8.0.dylib; path = ../../../../../opt/homebrew/Cellar/opencv/4.8.0_6/lib/libopencv_shape.4.8.0.dylib; sourceTree = "<group>"; };
		98DD4E3C2B35B83E005FECDB /* libopencv_rapid.4.8.0.dylib */ = {isa = PBXFileReference; lastKnownFileType = "compiled.mach-o.dylib"; name = libopencv_rapid.4.8.0.dylib; path = ../../../../../opt/homebrew/Cellar/opencv/4.8.0_6/lib/libopencv_rapid.4.8.0.dylib; sourceTree = "<group>"; };
		98DD4E3D2B35B83E005FECDB /* libopencv_features2d.4.8.0.dylib */ = {isa = PBXFileReference; lastKnownFileType = "compiled.mach-o.dylib"; name = libopencv_features2d.4.8.0.dylib; path = ../../../../../opt/homebrew/Cellar/opencv/4.8.0_6/lib/libopencv_features2d.4.8.0.dylib; sourceTree = "<group>"; };
		98DD4E3E2B35B83E005FECDB /* libopencv_stereo.4.8.0.dylib */ = {isa = PBXFileReference; lastKnownFileType = "compiled.mach-o.dylib"; name = libopencv_stereo.4.8.0.dylib; path = ../../../../../opt/homebrew/Cellar/opencv/4.8.0_6/lib/libopencv_stereo.4.8.0.dylib; sourceTree = "<group>"; };
		98DD4E3F2B35B83E005FECDB /* libopencv_bgsegm.4.8.0.dylib */ = {isa = PBXFileReference; lastKnownFileType = "compiled.mach-o.dylib"; name = libopencv_bgsegm.4.8.0.dylib; path = ../../../../../opt/homebrew/Cellar/opencv/4.8.0_6/lib/libopencv_bgsegm.4.8.0.dylib; sourceTree = "<group>"; };
		98DD4E402B35B83E005FECDB /* libopencv_optflow.4.8.0.dylib */ = {isa = PBXFileReference; lastKnownFileType = "compiled.mach-o.dylib"; name = libopencv_optflow.4.8.0.dylib; path = ../../../../../opt/homebrew/Cellar/opencv/4.8.0_6/lib/libopencv_optflow.4.8.0.dylib; sourceTree = "<group>"; };
		98DD4E412B35B83E005FECDB /* libopencv_photo.4.8.0.dylib */ = {isa = PBXFileReference; lastKnownFileType = "compiled.mach-o.dylib"; name = libopencv_photo.4.8.0.dylib; path = ../../../../../opt/homebrew/Cellar/opencv/4.8.0_6/lib/libopencv_photo.4.8.0.dylib; sourceTree = "<group>"; };
		98DD4E422B35B83E005FECDB /* libopencv_imgcodecs.4.8.0.dylib */ = {isa = PBXFileReference; lastKnownFileType = "compiled.mach-o.dylib"; name = libopencv_imgcodecs.4.8.0.dylib; path = ../../../../../opt/homebrew/Cellar/opencv/4.8.0_6/lib/libopencv_imgcodecs.4.8.0.dylib; sourceTree = "<group>"; };
		98DD4E432B35B83E005FECDB /* libopencv_xobjdetect.4.8.0.dylib */ = {isa = PBXFileReference; lastKnownFileType = "compiled.mach-o.dylib"; name = libopencv_xobjdetect.4.8.0.dylib; path = ../../../../../opt/homebrew/Cellar/opencv/4.8.0_6/lib/libopencv_xobjdetect.4.8.0.dylib; sourceTree = "<group>"; };
		98DD4E442B35B83E005FECDB /* libopencv_alphamat.4.8.0.dylib */ = {isa = PBXFileReference; lastKnownFileType = "compiled.mach-o.dylib"; name = libopencv_alphamat.4.8.0.dylib; path = ../../../../../opt/homebrew/Cellar/opencv/4.8.0_6/lib/libopencv_alphamat.4.8.0.dylib; sourceTree = "<group>"; };
		98DD4E452B35B83E005FECDB /* libopencv_quality.4.8.0.dylib */ = {isa = PBXFileReference; lastKnownFileType = "compiled.mach-o.dylib"; name = libopencv_quality.4.8.0.dylib; path = ../../../../../opt/homebrew/Cellar/opencv/4.8.0_6/lib/libopencv_quality.4.8.0.dylib; sourceTree = "<group>"; };
		98DD4E462B35B83E005FECDB /* libopencv_aruco.4.8.0.dylib */ = {isa = PBXFileReference; lastKnownFileType = "compiled.mach-o.dylib"; name = libopencv_aruco.4.8.0.dylib; path = ../../../../../opt/homebrew/Cellar/opencv/4.8.0_6/lib/libopencv_aruco.4.8.0.dylib; sourceTree = "<group>"; };
		98DD4E472B35B83E005FECDB /* libopencv_hfs.4.8.0.dylib */ = {isa = PBXFileReference; lastKnownFileType = "compiled.mach-o.dylib"; name = libopencv_hfs.4.8.0.dylib; path = ../../../../../opt/homebrew/Cellar/opencv/4.8.0_6/lib/libopencv_hfs.4.8.0.dylib; sourceTree = "<group>"; };
		98DD4E482B35B83E005FECDB /* libopencv_xfeatures2d.4.8.0.dylib */ = {isa = PBXFileReference; lastKnownFileType = "compiled.mach-o.dylib"; name = libopencv_xfeatures2d.4.8.0.dylib; path = ../../../../../opt/homebrew/Cellar/opencv/4.8.0_6/lib/libopencv_xfeatures2d.4.8.0.dylib; sourceTree = "<group>"; };
		98DD4E492B35B83E005FECDB /* libopencv_freetype.4.8.0.dylib */ = {isa = PBXFileReference; lastKnownFileType = "compiled.mach-o.dylib"; name = libopencv_freetype.4.8.0.dylib; path = ../../../../../opt/homebrew/Cellar/opencv/4.8.0_6/lib/libopencv_freetype.4.8.0.dylib; sourceTree = "<group>"; };
		98DD4E4A2B35B83E005FECDB /* libopencv_flann.4.8.0.dylib */ = {isa = PBXFileReference; lastKnownFileType = "compiled.mach-o.dylib"; name = libopencv_flann.4.8.0.dylib; path = ../../../../../opt/homebrew/Cellar/opencv/4.8.0_6/lib/libopencv_flann.4.8.0.dylib; sourceTree = "<group>"; };
		98DD4E4B2B35B83E005FECDB /* libopencv_objdetect.4.8.0.dylib */ = {isa = PBXFileReference; lastKnownFileType = "compiled.mach-o.dylib"; name = libopencv_objdetect.4.8.0.dylib; path = ../../../../../opt/homebrew/Cellar/opencv/4.8.0_6/lib/libopencv_objdetect.4.8.0.dylib; sourceTree = "<group>"; };
		98DD4E4C2B35B83E005FECDB /* libopencv_surface_matching.4.8.0.dylib */ = {isa = PBXFileReference; lastKnownFileType = "compiled.mach-o.dylib"; name = libopencv_surface_matching.4.8.0.dylib; path = ../../../../../opt/homebrew/Cellar/opencv/4.8.0_6/lib/libopencv_surface_matching.4.8.0.dylib; sourceTree = "<group>"; };
		98DD4E4D2B35B83E005FECDB /* libopencv_dnn_objdetect.4.8.0.dylib */ = {isa = PBXFileReference; lastKnownFileType = "compiled.mach-o.dylib"; name = libopencv_dnn_objdetect.4.8.0.dylib; path = ../../../../../opt/homebrew/Cellar/opencv/4.8.0_6/lib/libopencv_dnn_objdetect.4.8.0.dylib; sourceTree = "<group>"; };
		98DD4E4E2B35B83E005FECDB /* libopencv_datasets.4.8.0.dylib */ = {isa = PBXFileReference; lastKnownFileType = "compiled.mach-o.dylib"; name = libopencv_datasets.4.8.0.dylib; path = ../../../../../opt/homebrew/Cellar/opencv/4.8.0_6/lib/libopencv_datasets.4.8.0.dylib; sourceTree = "<group>"; };
		98DD4E4F2B35B83F005FECDB /* libopencv_dpm.4.8.0.dylib */ = {isa = PBXFileReference; lastKnownFileType = "compiled.mach-o.dylib"; name = libopencv_dpm.4.8.0.dylib; path = ../../../../../opt/homebrew/Cellar/opencv/4.8.0_6/lib/libopencv_dpm.4.8.0.dylib; sourceTree = "<group>"; };
		98DD4E502B35B83F005FECDB /* libopencv_ximgproc.4.8.0.dylib */ = {isa = PBXFileReference; lastKnownFileType = "compiled.mach-o.dylib"; name = libopencv_ximgproc.4.8.0.dylib; path = ../../../../../opt/homebrew/Cellar/opencv/4.8.0_6/lib/libopencv_ximgproc.4.8.0.dylib; sourceTree = "<group>"; };
		98DD4E512B35B83F005FECDB /* libopencv_rgbd.4.8.0.dylib */ = {isa = PBXFileReference; lastKnownFileType = "compiled.mach-o.dylib"; name = libopencv_rgbd.4.8.0.dylib; path = ../../../../../opt/homebrew/Cellar/opencv/4.8.0_6/lib/libopencv_rgbd.4.8.0.dylib; sourceTree = "<group>"; };
		98DD4E522B35B83F005FECDB /* libopencv_video.4.8.0.dylib */ = {isa = PBXFileReference; lastKnownFileType = "compiled.mach-o.dylib"; name = libopencv_video.4.8.0.dylib; path = ../../../../../opt/homebrew/Cellar/opencv/4.8.0_6/lib/libopencv_video.4.8.0.dylib; sourceTree = "<group>"; };
		98DD4E532B35B83F005FECDB /* libopencv_structured_light.4.8.0.dylib */ = {isa = PBXFileReference; lastKnownFileType = "compiled.mach-o.dylib"; name = libopencv_structured_light.4.8.0.dylib; path = ../../../../../opt/homebrew/Cellar/opencv/4.8.0_6/lib/libopencv_structured_light.4.8.0.dylib; sourceTree = "<group>"; };
		98DD4E542B35B83F005FECDB /* libopencv_core.4.8.0.dylib */ = {isa = PBXFileReference; lastKnownFileType = "compiled.mach-o.dylib"; name = libopencv_core.4.8.0.dylib; path = ../../../../../opt/homebrew/Cellar/opencv/4.8.0_6/lib/libopencv_core.4.8.0.dylib; sourceTree = "<group>"; };
		98DD4E552B35B83F005FECDB /* libopencv_line_descriptor.4.8.0.dylib */ = {isa = PBXFileReference; lastKnownFileType = "compiled.mach-o.dylib"; name = libopencv_line_descriptor.4.8.0.dylib; path = ../../../../../opt/homebrew/Cellar/opencv/4.8.0_6/lib/libopencv_line_descriptor.4.8.0.dylib; sourceTree = "<group>"; };
		98DD4E562B35B83F005FECDB /* libopencv_gapi.4.8.0.dylib */ = {isa = PBXFileReference; lastKnownFileType = "compiled.mach-o.dylib"; name = libopencv_gapi.4.8.0.dylib; path = ../../../../../opt/homebrew/Cellar/opencv/4.8.0_6/lib/libopencv_gapi.4.8.0.dylib; sourceTree = "<group>"; };
		98DD4E572B35B83F005FECDB /* libopencv_highgui.4.8.0.dylib */ = {isa = PBXFileReference; lastKnownFileType = "compiled.mach-o.dylib"; name = libopencv_highgui.4.8.0.dylib; path = ../../../../../opt/homebrew/Cellar/opencv/4.8.0_6/lib/libopencv_highgui.4.8.0.dylib; sourceTree = "<group>"; };
/* End PBXFileReference section */

/* Begin PBXFrameworksBuildPhase section */
		98DD4CD22B35B190005FECDB /* Frameworks */ = {
			isa = PBXFrameworksBuildPhase;
			buildActionMask = 2147483647;
			files = (
				98DD4DF32B35B6F6005FECDB /* libopencv_alphamat.4.8.0.dylib in Frameworks */,
				98DD4E772B35B83F005FECDB /* libopencv_optflow.4.8.0.dylib in Frameworks */,
				98DD4E202B35B6F6005FECDB /* libopencv_aruco.4.8.0.dylib in Frameworks */,
				98DD4DEB2B35B6F6005FECDB /* libopencv_bgsegm.4.8.0.dylib in Frameworks */,
				98DD4E612B35B83F005FECDB /* libopencv_calib3d.4.8.0.dylib in Frameworks */,
				98DD4E5A2B35B83F005FECDB /* libopencv_ccalib.4.8.0.dylib in Frameworks */,
				98DD4DEF2B35B6F6005FECDB /* libopencv_bioinspired.4.8.0.dylib in Frameworks */,
				98DD4E8D2B35B83F005FECDB /* libopencv_gapi.4.8.0.dylib in Frameworks */,
				98DD4E0D2B35B6F6005FECDB /* libopencv_calib3d.4.8.0.dylib in Frameworks */,
				98DD4E132B35B6F6005FECDB /* libopencv_ccalib.4.8.0.dylib in Frameworks */,
				98DD4E5F2B35B83F005FECDB /* libopencv_videoio.4.8.0.dylib in Frameworks */,
				98DD4E752B35B83F005FECDB /* libopencv_stereo.4.8.0.dylib in Frameworks */,
				98DD4E802B35B83F005FECDB /* libopencv_freetype.4.8.0.dylib in Frameworks */,
				98DD4E6B2B35B83F005FECDB /* libopencv_stitching.4.8.0.dylib in Frameworks */,
				98DD4DF22B35B6F6005FECDB /* libopencv_core.4.8.0.dylib in Frameworks */,
				98DD4DF92B35B6F6005FECDB /* libopencv_datasets.4.8.0.dylib in Frameworks */,
				98DD4E862B35B83F005FECDB /* libopencv_dpm.4.8.0.dylib in Frameworks */,
				98DD4E842B35B83F005FECDB /* libopencv_dnn_objdetect.4.8.0.dylib in Frameworks */,
				98DD4E1E2B35B6F6005FECDB /* libopencv_dnn_objdetect.4.8.0.dylib in Frameworks */,
				98DD4E692B35B83F005FECDB /* libopencv_intensity_transform.4.8.0.dylib in Frameworks */,
				98DD4E042B35B6F6005FECDB /* libopencv_dnn_superres.4.8.0.dylib in Frameworks */,
				98DD4E702B35B83F005FECDB /* libopencv_saliency.4.8.0.dylib in Frameworks */,
				98DD4E1D2B35B6F6005FECDB /* libopencv_dnn.4.8.0.dylib in Frameworks */,
				98DD4E7D2B35B83F005FECDB /* libopencv_aruco.4.8.0.dylib in Frameworks */,
				98DD4E682B35B83F005FECDB /* libopencv_bioinspired.4.8.0.dylib in Frameworks */,
				98DD4E5B2B35B83F005FECDB /* libopencv_face.4.8.0.dylib in Frameworks */,
				98DD4E102B35B6F6005FECDB /* libopencv_dpm.4.8.0.dylib in Frameworks */,
				98DD4DEC2B35B6F6005FECDB /* libopencv_face.4.8.0.dylib in Frameworks */,
				98DD4E812B35B83F005FECDB /* libopencv_flann.4.8.0.dylib in Frameworks */,
				98DD4E732B35B83F005FECDB /* libopencv_rapid.4.8.0.dylib in Frameworks */,
				98DD4DED2B35B6F6005FECDB /* libopencv_features2d.4.8.0.dylib in Frameworks */,
				98DD4DFB2B35B6F6005FECDB /* libopencv_flann.4.8.0.dylib in Frameworks */,
				98DD4E792B35B83F005FECDB /* libopencv_imgcodecs.4.8.0.dylib in Frameworks */,
				98DD4E7C2B35B83F005FECDB /* libopencv_quality.4.8.0.dylib in Frameworks */,
				98DD4E1A2B35B6F6005FECDB /* libopencv_freetype.4.8.0.dylib in Frameworks */,
				98DD4E762B35B83F005FECDB /* libopencv_bgsegm.4.8.0.dylib in Frameworks */,
				98DD4E0E2B35B6F6005FECDB /* libopencv_fuzzy.4.8.0.dylib in Frameworks */,
				98DD4E1F2B35B6F6005FECDB /* libopencv_gapi.4.8.0.dylib in Frameworks */,
				98DD4E112B35B6F6005FECDB /* libopencv_hfs.4.8.0.dylib in Frameworks */,
				98DD4E022B35B6F6005FECDB /* libopencv_highgui.4.8.0.dylib in Frameworks */,
				98DD4E032B35B6F6005FECDB /* libopencv_img_hash.4.8.0.dylib in Frameworks */,
				98DD4E582B35B83F005FECDB /* libopencv_mcc.4.8.0.dylib in Frameworks */,
				98DD4E632B35B83F005FECDB /* libopencv_videostab.4.8.0.dylib in Frameworks */,
				98DD4E882B35B83F005FECDB /* libopencv_rgbd.4.8.0.dylib in Frameworks */,
				98DD4E182B35B6F6005FECDB /* libopencv_imgcodecs.4.8.0.dylib in Frameworks */,
				98DD4DEA2B35B6F6005FECDB /* libopencv_imgproc.4.8.0.dylib in Frameworks */,
				98DD4E832B35B83F005FECDB /* libopencv_surface_matching.4.8.0.dylib in Frameworks */,
				98DD4DF62B35B6F6005FECDB /* libopencv_intensity_transform.4.8.0.dylib in Frameworks */,
				98DD4E092B35B6F6005FECDB /* libopencv_line_descriptor.4.8.0.dylib in Frameworks */,
				98DD4E152B35B6F6005FECDB /* libopencv_mcc.4.8.0.dylib in Frameworks */,
				98DD4E0B2B35B6F6005FECDB /* libopencv_ml.4.8.0.dylib in Frameworks */,
				98DD4E592B35B83F005FECDB /* libopencv_imgproc.4.8.0.dylib in Frameworks */,
				98DD4E162B35B6F6005FECDB /* libopencv_objdetect.4.8.0.dylib in Frameworks */,
				98DD4E7B2B35B83F005FECDB /* libopencv_alphamat.4.8.0.dylib in Frameworks */,
				98DD4E5D2B35B83F005FECDB /* libopencv_reg.4.8.0.dylib in Frameworks */,
				98DD4E712B35B83F005FECDB /* libopencv_wechat_qrcode.4.8.0.dylib in Frameworks */,
				98DD4DF82B35B6F6005FECDB /* libopencv_optflow.4.8.0.dylib in Frameworks */,
				98DD4E872B35B83F005FECDB /* libopencv_ximgproc.4.8.0.dylib in Frameworks */,
				98DD4E782B35B83F005FECDB /* libopencv_photo.4.8.0.dylib in Frameworks */,
				98DD4DF02B35B6F6005FECDB /* libopencv_phase_unwrapping.4.8.0.dylib in Frameworks */,
				98DD4E0A2B35B6F6005FECDB /* libopencv_photo.4.8.0.dylib in Frameworks */,
				98DD4E7F2B35B83F005FECDB /* libopencv_xfeatures2d.4.8.0.dylib in Frameworks */,
				98DD4E082B35B6F6005FECDB /* libopencv_plot.4.8.0.dylib in Frameworks */,
				98DD4E5C2B35B83F005FECDB /* libopencv_superres.4.8.0.dylib in Frameworks */,
				98DD4E5E2B35B83F005FECDB /* libopencv_ml.4.8.0.dylib in Frameworks */,
				98DD4E742B35B83F005FECDB /* libopencv_features2d.4.8.0.dylib in Frameworks */,
				98DD4E672B35B83F005FECDB /* libopencv_img_hash.4.8.0.dylib in Frameworks */,
				98DD4E8E2B35B83F005FECDB /* libopencv_highgui.4.8.0.dylib in Frameworks */,
				98DD4E062B35B6F6005FECDB /* libopencv_quality.4.8.0.dylib in Frameworks */,
				98DD4E172B35B6F6005FECDB /* libopencv_rapid.4.8.0.dylib in Frameworks */,
				98DD4DEE2B35B6F6005FECDB /* libopencv_reg.4.8.0.dylib in Frameworks */,
				98DD4E7E2B35B83F005FECDB /* libopencv_hfs.4.8.0.dylib in Frameworks */,
				98DD4DF12B35B6F6005FECDB /* libopencv_rgbd.4.8.0.dylib in Frameworks */,
				98DD4E002B35B6F6005FECDB /* libopencv_saliency.4.8.0.dylib in Frameworks */,
				98DD4DFC2B35B6F6005FECDB /* libopencv_sfm.4.8.0.dylib in Frameworks */,
				98DD4E822B35B83F005FECDB /* libopencv_objdetect.4.8.0.dylib in Frameworks */,
				98DD4E142B35B6F6005FECDB /* libopencv_shape.4.8.0.dylib in Frameworks */,
				98DD4DF52B35B6F6005FECDB /* libopencv_stereo.4.8.0.dylib in Frameworks */,
				98DD4E652B35B83F005FECDB /* libopencv_tracking.4.8.0.dylib in Frameworks */,
				98DD4DFD2B35B6F6005FECDB /* libopencv_stitching.4.8.0.dylib in Frameworks */,
				98DD4E6E2B35B83F005FECDB /* libopencv_fuzzy.4.8.0.dylib in Frameworks */,
				98DD4E0C2B35B6F6005FECDB /* libopencv_structured_light.4.8.0.dylib in Frameworks */,
				98DD4E0F2B35B6F6005FECDB /* libopencv_superres.4.8.0.dylib in Frameworks */,
				98DD4E662B35B83F005FECDB /* libopencv_phase_unwrapping.4.8.0.dylib in Frameworks */,
				98DD4DFE2B35B6F6005FECDB /* libopencv_surface_matching.4.8.0.dylib in Frameworks */,
				98DD4E722B35B83F005FECDB /* libopencv_shape.4.8.0.dylib in Frameworks */,
				98DD4E6D2B35B83F005FECDB /* libopencv_dnn.4.8.0.dylib in Frameworks */,
				98DD4E012B35B6F6005FECDB /* libopencv_text.4.8.0.dylib in Frameworks */,
				98DD4DFF2B35B6F6005FECDB /* libopencv_tracking.4.8.0.dylib in Frameworks */,
				98DD4E642B35B83F005FECDB /* libopencv_sfm.4.8.0.dylib in Frameworks */,
				98DD4E892B35B83F005FECDB /* libopencv_video.4.8.0.dylib in Frameworks */,
				98DD4E8A2B35B83F005FECDB /* libopencv_structured_light.4.8.0.dylib in Frameworks */,
				98DD4E6A2B35B83F005FECDB /* libopencv_plot.4.8.0.dylib in Frameworks */,
				98DD4E052B35B6F6005FECDB /* libopencv_video.4.8.0.dylib in Frameworks */,
				98DD4E8C2B35B83F005FECDB /* libopencv_line_descriptor.4.8.0.dylib in Frameworks */,
				98DD4E1C2B35B6F6005FECDB /* libopencv_videoio.4.8.0.dylib in Frameworks */,
				98DD4E1B2B35B6F6005FECDB /* libopencv_videostab.4.8.0.dylib in Frameworks */,
				98DD4E6C2B35B83F005FECDB /* libopencv_xphoto.4.8.0.dylib in Frameworks */,
				98DD4E7A2B35B83F005FECDB /* libopencv_xobjdetect.4.8.0.dylib in Frameworks */,
				98DD4E122B35B6F6005FECDB /* libopencv_viz.4.8.0.dylib in Frameworks */,
				98DD4E622B35B83F005FECDB /* libopencv_dnn_superres.4.8.0.dylib in Frameworks */,
				98DD4DF72B35B6F6005FECDB /* libopencv_wechat_qrcode.4.8.0.dylib in Frameworks */,
				98DD4E852B35B83F005FECDB /* libopencv_datasets.4.8.0.dylib in Frameworks */,
				98DD4E8B2B35B83F005FECDB /* libopencv_core.4.8.0.dylib in Frameworks */,
				98DD4E602B35B83F005FECDB /* libopencv_viz.4.8.0.dylib in Frameworks */,
				98DD4DF42B35B6F6005FECDB /* libopencv_xfeatures2d.4.8.0.dylib in Frameworks */,
				98DD4DFA2B35B6F6005FECDB /* libopencv_ximgproc.4.8.0.dylib in Frameworks */,
				98DD4E6F2B35B83F005FECDB /* libopencv_text.4.8.0.dylib in Frameworks */,
				98DD4E192B35B6F6005FECDB /* libopencv_xobjdetect.4.8.0.dylib in Frameworks */,
				98DD4E072B35B6F6005FECDB /* libopencv_xphoto.4.8.0.dylib in Frameworks */,
			);
			runOnlyForDeploymentPostprocessing = 0;
		};
/* End PBXFrameworksBuildPhase section */

/* Begin PBXGroup section */
		98DD4BD72B2FF424005FECDB = {
			isa = PBXGroup;
			children = (
				98DD4BE22B2FF424005FECDB /* ImageStitching */,
				98DD4BE12B2FF424005FECDB /* Products */,
				98DD4BEA2B2FF50D005FECDB /* Frameworks */,
			);
			sourceTree = "<group>";
		};
		98DD4BE12B2FF424005FECDB /* Products */ = {
			isa = PBXGroup;
			children = (
				98DD4BE02B2FF424005FECDB /* ImageStitching */,
			);
			name = Products;
			sourceTree = "<group>";
		};
		98DD4BE22B2FF424005FECDB /* ImageStitching */ = {
			isa = PBXGroup;
			children = (
				98DD4BE32B2FF424005FECDB /* main.cpp */,
			);
			path = ImageStitching;
			sourceTree = "<group>";
		};
		98DD4BEA2B2FF50D005FECDB /* Frameworks */ = {
			isa = PBXGroup;
			children = (
				98DD4E442B35B83E005FECDB /* libopencv_alphamat.4.8.0.dylib */,
				98DD4E462B35B83E005FECDB /* libopencv_aruco.4.8.0.dylib */,
				98DD4E3F2B35B83E005FECDB /* libopencv_bgsegm.4.8.0.dylib */,
				98DD4E312B35B83E005FECDB /* libopencv_bioinspired.4.8.0.dylib */,
				98DD4E2A2B35B83E005FECDB /* libopencv_calib3d.4.8.0.dylib */,
				98DD4E232B35B83E005FECDB /* libopencv_ccalib.4.8.0.dylib */,
				98DD4E542B35B83F005FECDB /* libopencv_core.4.8.0.dylib */,
				98DD4E4E2B35B83E005FECDB /* libopencv_datasets.4.8.0.dylib */,
				98DD4E4D2B35B83E005FECDB /* libopencv_dnn_objdetect.4.8.0.dylib */,
				98DD4E2B2B35B83E005FECDB /* libopencv_dnn_superres.4.8.0.dylib */,
				98DD4E362B35B83E005FECDB /* libopencv_dnn.4.8.0.dylib */,
				98DD4E4F2B35B83F005FECDB /* libopencv_dpm.4.8.0.dylib */,
				98DD4E242B35B83E005FECDB /* libopencv_face.4.8.0.dylib */,
				98DD4E3D2B35B83E005FECDB /* libopencv_features2d.4.8.0.dylib */,
				98DD4E4A2B35B83E005FECDB /* libopencv_flann.4.8.0.dylib */,
				98DD4E492B35B83E005FECDB /* libopencv_freetype.4.8.0.dylib */,
				98DD4E372B35B83E005FECDB /* libopencv_fuzzy.4.8.0.dylib */,
				98DD4E562B35B83F005FECDB /* libopencv_gapi.4.8.0.dylib */,
				98DD4E472B35B83E005FECDB /* libopencv_hfs.4.8.0.dylib */,
				98DD4E572B35B83F005FECDB /* libopencv_highgui.4.8.0.dylib */,
				98DD4E302B35B83E005FECDB /* libopencv_img_hash.4.8.0.dylib */,
				98DD4E422B35B83E005FECDB /* libopencv_imgcodecs.4.8.0.dylib */,
				98DD4E222B35B83E005FECDB /* libopencv_imgproc.4.8.0.dylib */,
				98DD4E322B35B83E005FECDB /* libopencv_intensity_transform.4.8.0.dylib */,
				98DD4E552B35B83F005FECDB /* libopencv_line_descriptor.4.8.0.dylib */,
				98DD4E212B35B83E005FECDB /* libopencv_mcc.4.8.0.dylib */,
				98DD4E272B35B83E005FECDB /* libopencv_ml.4.8.0.dylib */,
				98DD4E4B2B35B83E005FECDB /* libopencv_objdetect.4.8.0.dylib */,
				98DD4E402B35B83E005FECDB /* libopencv_optflow.4.8.0.dylib */,
				98DD4E2F2B35B83E005FECDB /* libopencv_phase_unwrapping.4.8.0.dylib */,
				98DD4E412B35B83E005FECDB /* libopencv_photo.4.8.0.dylib */,
				98DD4E332B35B83E005FECDB /* libopencv_plot.4.8.0.dylib */,
				98DD4E452B35B83E005FECDB /* libopencv_quality.4.8.0.dylib */,
				98DD4E3C2B35B83E005FECDB /* libopencv_rapid.4.8.0.dylib */,
				98DD4E262B35B83E005FECDB /* libopencv_reg.4.8.0.dylib */,
				98DD4E512B35B83F005FECDB /* libopencv_rgbd.4.8.0.dylib */,
				98DD4E392B35B83E005FECDB /* libopencv_saliency.4.8.0.dylib */,
				98DD4E2D2B35B83E005FECDB /* libopencv_sfm.4.8.0.dylib */,
				98DD4E3B2B35B83E005FECDB /* libopencv_shape.4.8.0.dylib */,
				98DD4E3E2B35B83E005FECDB /* libopencv_stereo.4.8.0.dylib */,
				98DD4E342B35B83E005FECDB /* libopencv_stitching.4.8.0.dylib */,
				98DD4E532B35B83F005FECDB /* libopencv_structured_light.4.8.0.dylib */,
				98DD4E252B35B83E005FECDB /* libopencv_superres.4.8.0.dylib */,
				98DD4E4C2B35B83E005FECDB /* libopencv_surface_matching.4.8.0.dylib */,
				98DD4E382B35B83E005FECDB /* libopencv_text.4.8.0.dylib */,
				98DD4E2E2B35B83E005FECDB /* libopencv_tracking.4.8.0.dylib */,
				98DD4E522B35B83F005FECDB /* libopencv_video.4.8.0.dylib */,
				98DD4E282B35B83E005FECDB /* libopencv_videoio.4.8.0.dylib */,
				98DD4E2C2B35B83E005FECDB /* libopencv_videostab.4.8.0.dylib */,
				98DD4E292B35B83E005FECDB /* libopencv_viz.4.8.0.dylib */,
				98DD4E3A2B35B83E005FECDB /* libopencv_wechat_qrcode.4.8.0.dylib */,
				98DD4E482B35B83E005FECDB /* libopencv_xfeatures2d.4.8.0.dylib */,
				98DD4E502B35B83F005FECDB /* libopencv_ximgproc.4.8.0.dylib */,
				98DD4E432B35B83E005FECDB /* libopencv_xobjdetect.4.8.0.dylib */,
				98DD4E352B35B83E005FECDB /* libopencv_xphoto.4.8.0.dylib */,
				98DD4DBC2B35B6F6005FECDB /* libopencv_alphamat.4.8.0.dylib */,
				98DD4DE92B35B6F6005FECDB /* libopencv_aruco.4.8.0.dylib */,
				98DD4DB42B35B6F6005FECDB /* libopencv_bgsegm.4.8.0.dylib */,
				98DD4DB82B35B6F6005FECDB /* libopencv_bioinspired.4.8.0.dylib */,
				98DD4DD62B35B6F6005FECDB /* libopencv_calib3d.4.8.0.dylib */,
				98DD4DDC2B35B6F6005FECDB /* libopencv_ccalib.4.8.0.dylib */,
				98DD4DBB2B35B6F6005FECDB /* libopencv_core.4.8.0.dylib */,
				98DD4DC22B35B6F6005FECDB /* libopencv_datasets.4.8.0.dylib */,
				98DD4DE72B35B6F6005FECDB /* libopencv_dnn_objdetect.4.8.0.dylib */,
				98DD4DCD2B35B6F6005FECDB /* libopencv_dnn_superres.4.8.0.dylib */,
				98DD4DE62B35B6F6005FECDB /* libopencv_dnn.4.8.0.dylib */,
				98DD4DD92B35B6F6005FECDB /* libopencv_dpm.4.8.0.dylib */,
				98DD4DB52B35B6F6005FECDB /* libopencv_face.4.8.0.dylib */,
				98DD4DB62B35B6F6005FECDB /* libopencv_features2d.4.8.0.dylib */,
				98DD4DC42B35B6F6005FECDB /* libopencv_flann.4.8.0.dylib */,
				98DD4DE32B35B6F6005FECDB /* libopencv_freetype.4.8.0.dylib */,
				98DD4DD72B35B6F6005FECDB /* libopencv_fuzzy.4.8.0.dylib */,
				98DD4DE82B35B6F6005FECDB /* libopencv_gapi.4.8.0.dylib */,
				98DD4DDA2B35B6F6005FECDB /* libopencv_hfs.4.8.0.dylib */,
				98DD4DCB2B35B6F6005FECDB /* libopencv_highgui.4.8.0.dylib */,
				98DD4DCC2B35B6F6005FECDB /* libopencv_img_hash.4.8.0.dylib */,
				98DD4DE12B35B6F6005FECDB /* libopencv_imgcodecs.4.8.0.dylib */,
				98DD4DB32B35B6F6005FECDB /* libopencv_imgproc.4.8.0.dylib */,
				98DD4DBF2B35B6F6005FECDB /* libopencv_intensity_transform.4.8.0.dylib */,
				98DD4DD22B35B6F6005FECDB /* libopencv_line_descriptor.4.8.0.dylib */,
				98DD4DDE2B35B6F6005FECDB /* libopencv_mcc.4.8.0.dylib */,
				98DD4DD42B35B6F6005FECDB /* libopencv_ml.4.8.0.dylib */,
				98DD4DDF2B35B6F6005FECDB /* libopencv_objdetect.4.8.0.dylib */,
				98DD4DC12B35B6F6005FECDB /* libopencv_optflow.4.8.0.dylib */,
				98DD4DB92B35B6F6005FECDB /* libopencv_phase_unwrapping.4.8.0.dylib */,
				98DD4DD32B35B6F6005FECDB /* libopencv_photo.4.8.0.dylib */,
				98DD4DD12B35B6F6005FECDB /* libopencv_plot.4.8.0.dylib */,
				98DD4DCF2B35B6F6005FECDB /* libopencv_quality.4.8.0.dylib */,
				98DD4DE02B35B6F6005FECDB /* libopencv_rapid.4.8.0.dylib */,
				98DD4DB72B35B6F6005FECDB /* libopencv_reg.4.8.0.dylib */,
				98DD4DBA2B35B6F6005FECDB /* libopencv_rgbd.4.8.0.dylib */,
				98DD4DC92B35B6F6005FECDB /* libopencv_saliency.4.8.0.dylib */,
				98DD4DC52B35B6F6005FECDB /* libopencv_sfm.4.8.0.dylib */,
				98DD4DDD2B35B6F6005FECDB /* libopencv_shape.4.8.0.dylib */,
				98DD4DBE2B35B6F6005FECDB /* libopencv_stereo.4.8.0.dylib */,
				98DD4DC62B35B6F6005FECDB /* libopencv_stitching.4.8.0.dylib */,
				98DD4DD52B35B6F6005FECDB /* libopencv_structured_light.4.8.0.dylib */,
				98DD4DD82B35B6F6005FECDB /* libopencv_superres.4.8.0.dylib */,
				98DD4DC72B35B6F6005FECDB /* libopencv_surface_matching.4.8.0.dylib */,
				98DD4DCA2B35B6F6005FECDB /* libopencv_text.4.8.0.dylib */,
				98DD4DC82B35B6F6005FECDB /* libopencv_tracking.4.8.0.dylib */,
				98DD4DCE2B35B6F6005FECDB /* libopencv_video.4.8.0.dylib */,
				98DD4DE52B35B6F6005FECDB /* libopencv_videoio.4.8.0.dylib */,
				98DD4DE42B35B6F6005FECDB /* libopencv_videostab.4.8.0.dylib */,
				98DD4DDB2B35B6F6005FECDB /* libopencv_viz.4.8.0.dylib */,
				98DD4DC02B35B6F6005FECDB /* libopencv_wechat_qrcode.4.8.0.dylib */,
				98DD4DBD2B35B6F6005FECDB /* libopencv_xfeatures2d.4.8.0.dylib */,
				98DD4DC32B35B6F6005FECDB /* libopencv_ximgproc.4.8.0.dylib */,
				98DD4DE22B35B6F6005FECDB /* libopencv_xobjdetect.4.8.0.dylib */,
				98DD4DD02B35B6F6005FECDB /* libopencv_xphoto.4.8.0.dylib */,
			);
			name = Frameworks;
			sourceTree = "<group>";
		};
/* End PBXGroup section */

/* Begin PBXNativeTarget section */
		98DD4BDF2B2FF424005FECDB /* ImageStitching */ = {
			isa = PBXNativeTarget;
			buildConfigurationList = 98DD4BE72B2FF424005FECDB /* Build configuration list for PBXNativeTarget "ImageStitching" */;
			buildPhases = (
				98DD4BDC2B2FF424005FECDB /* Sources */,
				98DD4BDE2B2FF424005FECDB /* CopyFiles */,
				98DD4CD22B35B190005FECDB /* Frameworks */,
			);
			buildRules = (
			);
			dependencies = (
			);
			name = ImageStitching;
			productName = ImageStitching;
			productReference = 98DD4BE02B2FF424005FECDB /* ImageStitching */;
			productType = "com.apple.product-type.tool";
		};
/* End PBXNativeTarget section */

/* Begin PBXProject section */
		98DD4BD82B2FF424005FECDB /* Project object */ = {
			isa = PBXProject;
			attributes = {
				BuildIndependentTargetsInParallel = 1;
				LastUpgradeCheck = 1430;
				TargetAttributes = {
					98DD4BDF2B2FF424005FECDB = {
						CreatedOnToolsVersion = 14.3.1;
					};
				};
			};
			buildConfigurationList = 98DD4BDB2B2FF424005FECDB /* Build configuration list for PBXProject "ImageStitching" */;
			compatibilityVersion = "Xcode 14.0";
			developmentRegion = en;
			hasScannedForEncodings = 0;
			knownRegions = (
				en,
				Base,
			);
			mainGroup = 98DD4BD72B2FF424005FECDB;
			productRefGroup = 98DD4BE12B2FF424005FECDB /* Products */;
			projectDirPath = "";
			projectRoot = "";
			targets = (
				98DD4BDF2B2FF424005FECDB /* ImageStitching */,
			);
		};
/* End PBXProject section */

/* Begin PBXSourcesBuildPhase section */
		98DD4BDC2B2FF424005FECDB /* Sources */ = {
			isa = PBXSourcesBuildPhase;
			buildActionMask = 2147483647;
			files = (
				98DD4BE42B2FF424005FECDB /* main.cpp in Sources */,
			);
			runOnlyForDeploymentPostprocessing = 0;
		};
/* End PBXSourcesBuildPhase section */

/* Begin XCBuildConfiguration section */
		98DD4BE52B2FF424005FECDB /* Debug */ = {
			isa = XCBuildConfiguration;
			buildSettings = {
				ALWAYS_SEARCH_USER_PATHS = NO;
				CLANG_ANALYZER_NONNULL = YES;
				CLANG_ANALYZER_NUMBER_OBJECT_CONVERSION = YES_AGGRESSIVE;
				CLANG_CXX_LANGUAGE_STANDARD = "gnu++20";
				CLANG_ENABLE_MODULES = YES;
				CLANG_ENABLE_OBJC_ARC = YES;
				CLANG_ENABLE_OBJC_WEAK = YES;
				CLANG_WARN_BLOCK_CAPTURE_AUTORELEASING = YES;
				CLANG_WARN_BOOL_CONVERSION = YES;
				CLANG_WARN_COMMA = YES;
				CLANG_WARN_CONSTANT_CONVERSION = YES;
				CLANG_WARN_DEPRECATED_OBJC_IMPLEMENTATIONS = YES;
				CLANG_WARN_DIRECT_OBJC_ISA_USAGE = YES_ERROR;
				CLANG_WARN_DOCUMENTATION_COMMENTS = YES;
				CLANG_WARN_EMPTY_BODY = YES;
				CLANG_WARN_ENUM_CONVERSION = YES;
				CLANG_WARN_INFINITE_RECURSION = YES;
				CLANG_WARN_INT_CONVERSION = YES;
				CLANG_WARN_NON_LITERAL_NULL_CONVERSION = YES;
				CLANG_WARN_OBJC_IMPLICIT_RETAIN_SELF = YES;
				CLANG_WARN_OBJC_LITERAL_CONVERSION = YES;
				CLANG_WARN_OBJC_ROOT_CLASS = YES_ERROR;
				CLANG_WARN_QUOTED_INCLUDE_IN_FRAMEWORK_HEADER = YES;
				CLANG_WARN_RANGE_LOOP_ANALYSIS = YES;
				CLANG_WARN_STRICT_PROTOTYPES = YES;
				CLANG_WARN_SUSPICIOUS_MOVE = YES;
				CLANG_WARN_UNGUARDED_AVAILABILITY = YES_AGGRESSIVE;
				CLANG_WARN_UNREACHABLE_CODE = YES;
				CLANG_WARN__DUPLICATE_METHOD_MATCH = YES;
				COPY_PHASE_STRIP = NO;
				DEBUG_INFORMATION_FORMAT = dwarf;
				ENABLE_STRICT_OBJC_MSGSEND = YES;
				ENABLE_TESTABILITY = YES;
				GCC_C_LANGUAGE_STANDARD = gnu11;
				GCC_DYNAMIC_NO_PIC = NO;
				GCC_NO_COMMON_BLOCKS = YES;
				GCC_OPTIMIZATION_LEVEL = 0;
				GCC_PREPROCESSOR_DEFINITIONS = (
					"DEBUG=1",
					"$(inherited)",
				);
				GCC_WARN_64_TO_32_BIT_CONVERSION = YES;
				GCC_WARN_ABOUT_RETURN_TYPE = YES_ERROR;
				GCC_WARN_UNDECLARED_SELECTOR = YES;
				GCC_WARN_UNINITIALIZED_AUTOS = YES_AGGRESSIVE;
				GCC_WARN_UNUSED_FUNCTION = YES;
				GCC_WARN_UNUSED_VARIABLE = YES;
				MACOSX_DEPLOYMENT_TARGET = 13.2;
				MTL_ENABLE_DEBUG_INFO = INCLUDE_SOURCE;
				MTL_FAST_MATH = YES;
				ONLY_ACTIVE_ARCH = YES;
				SDKROOT = macosx;
			};
			name = Debug;
		};
		98DD4BE62B2FF424005FECDB /* Release */ = {
			isa = XCBuildConfiguration;
			buildSettings = {
				ALWAYS_SEARCH_USER_PATHS = NO;
				CLANG_ANALYZER_NONNULL = YES;
				CLANG_ANALYZER_NUMBER_OBJECT_CONVERSION = YES_AGGRESSIVE;
				CLANG_CXX_LANGUAGE_STANDARD = "gnu++20";
				CLANG_ENABLE_MODULES = YES;
				CLANG_ENABLE_OBJC_ARC = YES;
				CLANG_ENABLE_OBJC_WEAK = YES;
				CLANG_WARN_BLOCK_CAPTURE_AUTORELEASING = YES;
				CLANG_WARN_BOOL_CONVERSION = YES;
				CLANG_WARN_COMMA = YES;
				CLANG_WARN_CONSTANT_CONVERSION = YES;
				CLANG_WARN_DEPRECATED_OBJC_IMPLEMENTATIONS = YES;
				CLANG_WARN_DIRECT_OBJC_ISA_USAGE = YES_ERROR;
				CLANG_WARN_DOCUMENTATION_COMMENTS = YES;
				CLANG_WARN_EMPTY_BODY = YES;
				CLANG_WARN_ENUM_CONVERSION = YES;
				CLANG_WARN_INFINITE_RECURSION = YES;
				CLANG_WARN_INT_CONVERSION = YES;
				CLANG_WARN_NON_LITERAL_NULL_CONVERSION = YES;
				CLANG_WARN_OBJC_IMPLICIT_RETAIN_SELF = YES;
				CLANG_WARN_OBJC_LITERAL_CONVERSION = YES;
				CLANG_WARN_OBJC_ROOT_CLASS = YES_ERROR;
				CLANG_WARN_QUOTED_INCLUDE_IN_FRAMEWORK_HEADER = YES;
				CLANG_WARN_RANGE_LOOP_ANALYSIS = YES;
				CLANG_WARN_STRICT_PROTOTYPES = YES;
				CLANG_WARN_SUSPICIOUS_MOVE = YES;
				CLANG_WARN_UNGUARDED_AVAILABILITY = YES_AGGRESSIVE;
				CLANG_WARN_UNREACHABLE_CODE = YES;
				CLANG_WARN__DUPLICATE_METHOD_MATCH = YES;
				COPY_PHASE_STRIP = NO;
				DEBUG_INFORMATION_FORMAT = "dwarf-with-dsym";
				ENABLE_NS_ASSERTIONS = NO;
				ENABLE_STRICT_OBJC_MSGSEND = YES;
				GCC_C_LANGUAGE_STANDARD = gnu11;
				GCC_NO_COMMON_BLOCKS = YES;
				GCC_WARN_64_TO_32_BIT_CONVERSION = YES;
				GCC_WARN_ABOUT_RETURN_TYPE = YES_ERROR;
				GCC_WARN_UNDECLARED_SELECTOR = YES;
				GCC_WARN_UNINITIALIZED_AUTOS = YES_AGGRESSIVE;
				GCC_WARN_UNUSED_FUNCTION = YES;
				GCC_WARN_UNUSED_VARIABLE = YES;
				MACOSX_DEPLOYMENT_TARGET = 13.2;
				MTL_ENABLE_DEBUG_INFO = NO;
				MTL_FAST_MATH = YES;
				SDKROOT = macosx;
			};
			name = Release;
		};
		98DD4BE82B2FF424005FECDB /* Debug */ = {
			isa = XCBuildConfiguration;
			buildSettings = {
				CODE_SIGN_STYLE = Automatic;
				DEVELOPMENT_TEAM = YMHK2GCUQH;
				ENABLE_HARDENED_RUNTIME = YES;
				HEADER_SEARCH_PATHS = /opt/homebrew/Cellar/opencv/4.8.0_6/include/opencv4;
				LIBRARY_SEARCH_PATHS = (
					"$(inherited)",
					/opt/homebrew/Cellar/opencv/4.8.0_6/lib,
				);
				PRODUCT_NAME = "$(TARGET_NAME)";
			};
			name = Debug;
		};
		98DD4BE92B2FF424005FECDB /* Release */ = {
			isa = XCBuildConfiguration;
			buildSettings = {
				CODE_SIGN_STYLE = Automatic;
				DEVELOPMENT_TEAM = YMHK2GCUQH;
				ENABLE_HARDENED_RUNTIME = YES;
				HEADER_SEARCH_PATHS = /opt/homebrew/Cellar/opencv/4.8.0_6/include/opencv4;
				LIBRARY_SEARCH_PATHS = (
					"$(inherited)",
					/opt/homebrew/Cellar/opencv/4.8.0_6/lib,
				);
				PRODUCT_NAME = "$(TARGET_NAME)";
			};
			name = Release;
		};
/* End XCBuildConfiguration section */

/* Begin XCConfigurationList section */
		98DD4BDB2B2FF424005FECDB /* Build configuration list for PBXProject "ImageStitching" */ = {
			isa = XCConfigurationList;
			buildConfigurations = (
				98DD4BE52B2FF424005FECDB /* Debug */,
				98DD4BE62B2FF424005FECDB /* Release */,
			);
			defaultConfigurationIsVisible = 0;
			defaultConfigurationName = Release;
		};
		98DD4BE72B2FF424005FECDB /* Build configuration list for PBXNativeTarget "ImageStitching" */ = {
			isa = XCConfigurationList;
			buildConfigurations = (
				98DD4BE82B2FF424005FECDB /* Debug */,
				98DD4BE92B2FF424005FECDB /* Release */,
			);
			defaultConfigurationIsVisible = 0;
			defaultConfigurationName = Release;
		};
/* End XCConfigurationList section */
	};
	rootObject = 98DD4BD82B2FF424005FECDB /* Project object */;
}
