// !$*UTF8*$!
{
	archiveVersion = 1;
	classes = {
	};
	objectVersion = 56;
	objects = {

/* Begin PBXBuildFile section */
		988B8E2F2AE266FF0095B7D9 /* libopencv_alphamat.4.8.0.dylib in Frameworks */ = {isa = PBXBuildFile; fileRef = 98003FED2ACE4C3400A6A4AE /* libopencv_alphamat.4.8.0.dylib */; };
		988B8E302AE266FF0095B7D9 /* libopencv_alphamat.4.8.0.dylib in Frameworks */ = {isa = PBXBuildFile; fileRef = 98003FED2ACE4C3400A6A4AE /* libopencv_alphamat.4.8.0.dylib */; };
		988B8E312AE266FF0095B7D9 /* libopencv_alphamat.4.8.0.dylib in Frameworks */ = {isa = PBXBuildFile; fileRef = 98003FED2ACE4C3400A6A4AE /* libopencv_alphamat.4.8.0.dylib */; };
		988B8E322AE266FF0095B7D9 /* libopencv_aruco.4.8.0.dylib in Frameworks */ = {isa = PBXBuildFile; fileRef = 98003FEF2ACE4C3400A6A4AE /* libopencv_aruco.4.8.0.dylib */; };
		988B8E332AE266FF0095B7D9 /* libopencv_aruco.4.8.0.dylib in Frameworks */ = {isa = PBXBuildFile; fileRef = 98003FEF2ACE4C3400A6A4AE /* libopencv_aruco.4.8.0.dylib */; };
		988B8E342AE266FF0095B7D9 /* libopencv_bgsegm.4.8.0.dylib in Frameworks */ = {isa = PBXBuildFile; fileRef = 98003FE72ACE4C3400A6A4AE /* libopencv_bgsegm.4.8.0.dylib */; };
		988B8E352AE266FF0095B7D9 /* libopencv_bioinspired.4.8.0.dylib in Frameworks */ = {isa = PBXBuildFile; fileRef = 98003FEC2ACE4C3400A6A4AE /* libopencv_bioinspired.4.8.0.dylib */; };
		988B8E362AE266FF0095B7D9 /* libopencv_calib3d.4.8.0.dylib in Frameworks */ = {isa = PBXBuildFile; fileRef = 98003FE62ACE4C3400A6A4AE /* libopencv_calib3d.4.8.0.dylib */; };
		988B8E372AE266FF0095B7D9 /* libopencv_ccalib.4.8.0.dylib in Frameworks */ = {isa = PBXBuildFile; fileRef = 98003FF12ACE4C3400A6A4AE /* libopencv_ccalib.4.8.0.dylib */; };
		988B8E382AE266FF0095B7D9 /* libopencv_core.4.8.0.dylib in Frameworks */ = {isa = PBXBuildFile; fileRef = 98003FF02ACE4C3400A6A4AE /* libopencv_core.4.8.0.dylib */; };
		988B8E392AE266FF0095B7D9 /* libopencv_datasets.4.8.0.dylib in Frameworks */ = {isa = PBXBuildFile; fileRef = 98003FF22ACE4C3400A6A4AE /* libopencv_datasets.4.8.0.dylib */; };
		988B8E3A2AE266FF0095B7D9 /* libopencv_dnn_objdetect.4.8.0.dylib in Frameworks */ = {isa = PBXBuildFile; fileRef = 98003FE52ACE4C3400A6A4AE /* libopencv_dnn_objdetect.4.8.0.dylib */; };
		988B8E3B2AE266FF0095B7D9 /* libopencv_dnn_superres.4.8.0.dylib in Frameworks */ = {isa = PBXBuildFile; fileRef = 98003FEE2ACE4C3400A6A4AE /* libopencv_dnn_superres.4.8.0.dylib */; };
		988B8E3C2AE266FF0095B7D9 /* libopencv_dnn.4.8.0.dylib in Frameworks */ = {isa = PBXBuildFile; fileRef = 98003FE82ACE4C3400A6A4AE /* libopencv_dnn.4.8.0.dylib */; };
		988B8E3D2AE266FF0095B7D9 /* libopencv_dpm.4.8.0.dylib in Frameworks */ = {isa = PBXBuildFile; fileRef = 98003FEB2ACE4C3400A6A4AE /* libopencv_dpm.4.8.0.dylib */; };
		988B8E3E2AE266FF0095B7D9 /* libopencv_face.4.8.0.dylib in Frameworks */ = {isa = PBXBuildFile; fileRef = 98003FE92ACE4C3400A6A4AE /* libopencv_face.4.8.0.dylib */; };
		988B8E3F2AE266FF0095B7D9 /* libopencv_features2d.4.8.0.dylib in Frameworks */ = {isa = PBXBuildFile; fileRef = 98003FEA2ACE4C3400A6A4AE /* libopencv_features2d.4.8.0.dylib */; };
		988B8E402AE266FF0095B7D9 /* libopencv_flann.4.8.0.dylib in Frameworks */ = {isa = PBXBuildFile; fileRef = 9800401D2ACE4C9200A6A4AE /* libopencv_flann.4.8.0.dylib */; };
		988B8E412AE266FF0095B7D9 /* libopencv_freetype.4.8.0.dylib in Frameworks */ = {isa = PBXBuildFile; fileRef = 9800401C2ACE4C9200A6A4AE /* libopencv_freetype.4.8.0.dylib */; };
		988B8E422AE266FF0095B7D9 /* libopencv_fuzzy.4.8.0.dylib in Frameworks */ = {isa = PBXBuildFile; fileRef = 980040032ACE4C9200A6A4AE /* libopencv_fuzzy.4.8.0.dylib */; };
		988B8E432AE266FF0095B7D9 /* libopencv_gapi.4.8.0.dylib in Frameworks */ = {isa = PBXBuildFile; fileRef = 980040272ACE4C9300A6A4AE /* libopencv_gapi.4.8.0.dylib */; };
		988B8E442AE266FF0095B7D9 /* libopencv_hfs.4.8.0.dylib in Frameworks */ = {isa = PBXBuildFile; fileRef = 980040082ACE4C9200A6A4AE /* libopencv_hfs.4.8.0.dylib */; };
		988B8E452AE266FF0095B7D9 /* libopencv_highgui.4.8.0.dylib in Frameworks */ = {isa = PBXBuildFile; fileRef = 9800400E2ACE4C9200A6A4AE /* libopencv_highgui.4.8.0.dylib */; };
		988B8E462AE266FF0095B7D9 /* libopencv_img_hash.4.8.0.dylib in Frameworks */ = {isa = PBXBuildFile; fileRef = 980040282ACE4C9300A6A4AE /* libopencv_img_hash.4.8.0.dylib */; };
		988B8E472AE266FF0095B7D9 /* libopencv_imgcodecs.4.8.0.dylib in Frameworks */ = {isa = PBXBuildFile; fileRef = 980040292ACE4C9300A6A4AE /* libopencv_imgcodecs.4.8.0.dylib */; };
		988B8E482AE266FF0095B7D9 /* libopencv_imgproc.4.8.0.dylib in Frameworks */ = {isa = PBXBuildFile; fileRef = 980040012ACE4C9200A6A4AE /* libopencv_imgproc.4.8.0.dylib */; };
		988B8E492AE266FF0095B7D9 /* libopencv_intensity_transform.4.8.0.dylib in Frameworks */ = {isa = PBXBuildFile; fileRef = 9800401E2ACE4C9200A6A4AE /* libopencv_intensity_transform.4.8.0.dylib */; };
		988B8E4A2AE266FF0095B7D9 /* libopencv_line_descriptor.4.8.0.dylib in Frameworks */ = {isa = PBXBuildFile; fileRef = 9800401B2ACE4C9200A6A4AE /* libopencv_line_descriptor.4.8.0.dylib */; };
		988B8E4B2AE266FF0095B7D9 /* libopencv_mcc.4.8.0.dylib in Frameworks */ = {isa = PBXBuildFile; fileRef = 980040102ACE4C9200A6A4AE /* libopencv_mcc.4.8.0.dylib */; };
		988B8E4C2AE266FF0095B7D9 /* libopencv_ml.4.8.0.dylib in Frameworks */ = {isa = PBXBuildFile; fileRef = 9800400D2ACE4C9200A6A4AE /* libopencv_ml.4.8.0.dylib */; };
		988B8E4D2AE266FF0095B7D9 /* libopencv_objdetect.4.8.0.dylib in Frameworks */ = {isa = PBXBuildFile; fileRef = 980040202ACE4C9200A6A4AE /* libopencv_objdetect.4.8.0.dylib */; };
		988B8E4E2AE266FF0095B7D9 /* libopencv_optflow.4.8.0.dylib in Frameworks */ = {isa = PBXBuildFile; fileRef = 980040132ACE4C9200A6A4AE /* libopencv_optflow.4.8.0.dylib */; };
		988B8E4F2AE266FF0095B7D9 /* libopencv_phase_unwrapping.4.8.0.dylib in Frameworks */ = {isa = PBXBuildFile; fileRef = 980040192ACE4C9200A6A4AE /* libopencv_phase_unwrapping.4.8.0.dylib */; };
		988B8E502AE266FF0095B7D9 /* libopencv_photo.4.8.0.dylib in Frameworks */ = {isa = PBXBuildFile; fileRef = 980040162ACE4C9200A6A4AE /* libopencv_photo.4.8.0.dylib */; };
		988B8E512AE266FF0095B7D9 /* libopencv_plot.4.8.0.dylib in Frameworks */ = {isa = PBXBuildFile; fileRef = 980040062ACE4C9200A6A4AE /* libopencv_plot.4.8.0.dylib */; };
		988B8E522AE266FF0095B7D9 /* libopencv_quality.4.8.0.dylib in Frameworks */ = {isa = PBXBuildFile; fileRef = 980040152ACE4C9200A6A4AE /* libopencv_quality.4.8.0.dylib */; };
		988B8E532AE266FF0095B7D9 /* libopencv_rapid.4.8.0.dylib in Frameworks */ = {isa = PBXBuildFile; fileRef = 980040112ACE4C9200A6A4AE /* libopencv_rapid.4.8.0.dylib */; };
		988B8E542AE266FF0095B7D9 /* libopencv_reg.4.8.0.dylib in Frameworks */ = {isa = PBXBuildFile; fileRef = 980040222ACE4C9200A6A4AE /* libopencv_reg.4.8.0.dylib */; };
		988B8E552AE266FF0095B7D9 /* libopencv_rgbd.4.8.0.dylib in Frameworks */ = {isa = PBXBuildFile; fileRef = 980040212ACE4C9200A6A4AE /* libopencv_rgbd.4.8.0.dylib */; };
		988B8E562AE266FF0095B7D9 /* libopencv_saliency.4.8.0.dylib in Frameworks */ = {isa = PBXBuildFile; fileRef = 980040042ACE4C9200A6A4AE /* libopencv_saliency.4.8.0.dylib */; };
		988B8E572AE266FF0095B7D9 /* libopencv_sfm.4.8.0.dylib in Frameworks */ = {isa = PBXBuildFile; fileRef = 980040052ACE4C9200A6A4AE /* libopencv_sfm.4.8.0.dylib */; };
		988B8E582AE266FF0095B7D9 /* libopencv_shape.4.8.0.dylib in Frameworks */ = {isa = PBXBuildFile; fileRef = 980040142ACE4C9200A6A4AE /* libopencv_shape.4.8.0.dylib */; };
		988B8E592AE266FF0095B7D9 /* libopencv_stereo.4.8.0.dylib in Frameworks */ = {isa = PBXBuildFile; fileRef = 980040232ACE4C9300A6A4AE /* libopencv_stereo.4.8.0.dylib */; };
		988B8E5A2AE266FF0095B7D9 /* libopencv_stitching.4.8.0.dylib in Frameworks */ = {isa = PBXBuildFile; fileRef = 980040092ACE4C9200A6A4AE /* libopencv_stitching.4.8.0.dylib */; };
		988B8E5B2AE266FF0095B7D9 /* libopencv_structured_light.4.8.0.dylib in Frameworks */ = {isa = PBXBuildFile; fileRef = 9800401F2ACE4C9200A6A4AE /* libopencv_structured_light.4.8.0.dylib */; };
		988B8E5C2AE266FF0095B7D9 /* libopencv_superres.4.8.0.dylib in Frameworks */ = {isa = PBXBuildFile; fileRef = 980040252ACE4C9300A6A4AE /* libopencv_superres.4.8.0.dylib */; };
		988B8E5D2AE266FF0095B7D9 /* libopencv_surface_matching.4.8.0.dylib in Frameworks */ = {isa = PBXBuildFile; fileRef = 980040262ACE4C9300A6A4AE /* libopencv_surface_matching.4.8.0.dylib */; };
		988B8E5E2AE266FF0095B7D9 /* libopencv_text.4.8.0.dylib in Frameworks */ = {isa = PBXBuildFile; fileRef = 9800400A2ACE4C9200A6A4AE /* libopencv_text.4.8.0.dylib */; };
		988B8E5F2AE266FF0095B7D9 /* libopencv_tracking.4.8.0.dylib in Frameworks */ = {isa = PBXBuildFile; fileRef = 980040242ACE4C9300A6A4AE /* libopencv_tracking.4.8.0.dylib */; };
		988B8E602AE266FF0095B7D9 /* libopencv_video.4.8.0.dylib in Frameworks */ = {isa = PBXBuildFile; fileRef = 9800400F2ACE4C9200A6A4AE /* libopencv_video.4.8.0.dylib */; };
		988B8E612AE266FF0095B7D9 /* libopencv_videoio.4.8.0.dylib in Frameworks */ = {isa = PBXBuildFile; fileRef = 980040122ACE4C9200A6A4AE /* libopencv_videoio.4.8.0.dylib */; };
		988B8E622AE266FF0095B7D9 /* libopencv_videostab.4.8.0.dylib in Frameworks */ = {isa = PBXBuildFile; fileRef = 980040172ACE4C9200A6A4AE /* libopencv_videostab.4.8.0.dylib */; };
		988B8E632AE266FF0095B7D9 /* libopencv_viz.4.8.0.dylib in Frameworks */ = {isa = PBXBuildFile; fileRef = 980040022ACE4C9200A6A4AE /* libopencv_viz.4.8.0.dylib */; };
		988B8E642AE266FF0095B7D9 /* libopencv_wechat_qrcode.4.8.0.dylib in Frameworks */ = {isa = PBXBuildFile; fileRef = 9800400B2ACE4C9200A6A4AE /* libopencv_wechat_qrcode.4.8.0.dylib */; };
		988B8E652AE266FF0095B7D9 /* libopencv_xfeatures2d.4.8.0.dylib in Frameworks */ = {isa = PBXBuildFile; fileRef = 9800400C2ACE4C9200A6A4AE /* libopencv_xfeatures2d.4.8.0.dylib */; };
		988B8E662AE266FF0095B7D9 /* libopencv_ximgproc.4.8.0.dylib in Frameworks */ = {isa = PBXBuildFile; fileRef = 980040072ACE4C9200A6A4AE /* libopencv_ximgproc.4.8.0.dylib */; };
		988B8E672AE266FF0095B7D9 /* libopencv_xobjdetect.4.8.0.dylib in Frameworks */ = {isa = PBXBuildFile; fileRef = 980040182ACE4C9200A6A4AE /* libopencv_xobjdetect.4.8.0.dylib */; };
		988B8E682AE266FF0095B7D9 /* libopencv_xphoto.4.8.0.dylib in Frameworks */ = {isa = PBXBuildFile; fileRef = 9800401A2ACE4C9200A6A4AE /* libopencv_xphoto.4.8.0.dylib */; };
		988B8E792AF4D7650095B7D9 /* main.cpp in Sources */ = {isa = PBXBuildFile; fileRef = 98003F532AB3F3B000A6A4AE /* main.cpp */; };
/* End PBXBuildFile section */

/* Begin PBXCopyFilesBuildPhase section */
		98003F4E2AB3F3B000A6A4AE /* CopyFiles */ = {
			isa = PBXCopyFilesBuildPhase;
			buildActionMask = 2147483647;
			dstPath = /usr/share/man/man1/;
			dstSubfolderSpec = 0;
			files = (
			);
			runOnlyForDeploymentPostprocessing = 1;
		};
/* End PBXCopyFilesBuildPhase section */

/* Begin PBXFileReference section */
		98003F502AB3F3B000A6A4AE /* OpenCVTest */ = {isa = PBXFileReference; explicitFileType = "compiled.mach-o.executable"; includeInIndex = 0; path = OpenCVTest; sourceTree = BUILT_PRODUCTS_DIR; };
		98003F532AB3F3B000A6A4AE /* main.cpp */ = {isa = PBXFileReference; lastKnownFileType = sourcecode.cpp.cpp; path = main.cpp; sourceTree = "<group>"; };
		98003FE32ACD2CCA00A6A4AE /* OpenCVTest.entitlements */ = {isa = PBXFileReference; lastKnownFileType = text.plist.entitlements; path = OpenCVTest.entitlements; sourceTree = "<group>"; };
		98003FE52ACE4C3400A6A4AE /* libopencv_dnn_objdetect.4.8.0.dylib */ = {isa = PBXFileReference; lastKnownFileType = "compiled.mach-o.dylib"; name = libopencv_dnn_objdetect.4.8.0.dylib; path = ../../../../../opt/homebrew/Cellar/opencv/4.8.0_6/lib/libopencv_dnn_objdetect.4.8.0.dylib; sourceTree = "<group>"; };
		98003FE62ACE4C3400A6A4AE /* libopencv_calib3d.4.8.0.dylib */ = {isa = PBXFileReference; lastKnownFileType = "compiled.mach-o.dylib"; name = libopencv_calib3d.4.8.0.dylib; path = ../../../../../opt/homebrew/Cellar/opencv/4.8.0_6/lib/libopencv_calib3d.4.8.0.dylib; sourceTree = "<group>"; };
		98003FE72ACE4C3400A6A4AE /* libopencv_bgsegm.4.8.0.dylib */ = {isa = PBXFileReference; lastKnownFileType = "compiled.mach-o.dylib"; name = libopencv_bgsegm.4.8.0.dylib; path = ../../../../../opt/homebrew/Cellar/opencv/4.8.0_6/lib/libopencv_bgsegm.4.8.0.dylib; sourceTree = "<group>"; };
		98003FE82ACE4C3400A6A4AE /* libopencv_dnn.4.8.0.dylib */ = {isa = PBXFileReference; lastKnownFileType = "compiled.mach-o.dylib"; name = libopencv_dnn.4.8.0.dylib; path = ../../../../../opt/homebrew/Cellar/opencv/4.8.0_6/lib/libopencv_dnn.4.8.0.dylib; sourceTree = "<group>"; };
		98003FE92ACE4C3400A6A4AE /* libopencv_face.4.8.0.dylib */ = {isa = PBXFileReference; lastKnownFileType = "compiled.mach-o.dylib"; name = libopencv_face.4.8.0.dylib; path = ../../../../../opt/homebrew/Cellar/opencv/4.8.0_6/lib/libopencv_face.4.8.0.dylib; sourceTree = "<group>"; };
		98003FEA2ACE4C3400A6A4AE /* libopencv_features2d.4.8.0.dylib */ = {isa = PBXFileReference; lastKnownFileType = "compiled.mach-o.dylib"; name = libopencv_features2d.4.8.0.dylib; path = ../../../../../opt/homebrew/Cellar/opencv/4.8.0_6/lib/libopencv_features2d.4.8.0.dylib; sourceTree = "<group>"; };
		98003FEB2ACE4C3400A6A4AE /* libopencv_dpm.4.8.0.dylib */ = {isa = PBXFileReference; lastKnownFileType = "compiled.mach-o.dylib"; name = libopencv_dpm.4.8.0.dylib; path = ../../../../../opt/homebrew/Cellar/opencv/4.8.0_6/lib/libopencv_dpm.4.8.0.dylib; sourceTree = "<group>"; };
		98003FEC2ACE4C3400A6A4AE /* libopencv_bioinspired.4.8.0.dylib */ = {isa = PBXFileReference; lastKnownFileType = "compiled.mach-o.dylib"; name = libopencv_bioinspired.4.8.0.dylib; path = ../../../../../opt/homebrew/Cellar/opencv/4.8.0_6/lib/libopencv_bioinspired.4.8.0.dylib; sourceTree = "<group>"; };
		98003FED2ACE4C3400A6A4AE /* libopencv_alphamat.4.8.0.dylib */ = {isa = PBXFileReference; lastKnownFileType = "compiled.mach-o.dylib"; name = libopencv_alphamat.4.8.0.dylib; path = ../../../../../opt/homebrew/Cellar/opencv/4.8.0_6/lib/libopencv_alphamat.4.8.0.dylib; sourceTree = "<group>"; };
		98003FEE2ACE4C3400A6A4AE /* libopencv_dnn_superres.4.8.0.dylib */ = {isa = PBXFileReference; lastKnownFileType = "compiled.mach-o.dylib"; name = libopencv_dnn_superres.4.8.0.dylib; path = ../../../../../opt/homebrew/Cellar/opencv/4.8.0_6/lib/libopencv_dnn_superres.4.8.0.dylib; sourceTree = "<group>"; };
		98003FEF2ACE4C3400A6A4AE /* libopencv_aruco.4.8.0.dylib */ = {isa = PBXFileReference; lastKnownFileType = "compiled.mach-o.dylib"; name = libopencv_aruco.4.8.0.dylib; path = ../../../../../opt/homebrew/Cellar/opencv/4.8.0_6/lib/libopencv_aruco.4.8.0.dylib; sourceTree = "<group>"; };
		98003FF02ACE4C3400A6A4AE /* libopencv_core.4.8.0.dylib */ = {isa = PBXFileReference; lastKnownFileType = "compiled.mach-o.dylib"; name = libopencv_core.4.8.0.dylib; path = ../../../../../opt/homebrew/Cellar/opencv/4.8.0_6/lib/libopencv_core.4.8.0.dylib; sourceTree = "<group>"; };
		98003FF12ACE4C3400A6A4AE /* libopencv_ccalib.4.8.0.dylib */ = {isa = PBXFileReference; lastKnownFileType = "compiled.mach-o.dylib"; name = libopencv_ccalib.4.8.0.dylib; path = ../../../../../opt/homebrew/Cellar/opencv/4.8.0_6/lib/libopencv_ccalib.4.8.0.dylib; sourceTree = "<group>"; };
		98003FF22ACE4C3400A6A4AE /* libopencv_datasets.4.8.0.dylib */ = {isa = PBXFileReference; lastKnownFileType = "compiled.mach-o.dylib"; name = libopencv_datasets.4.8.0.dylib; path = ../../../../../opt/homebrew/Cellar/opencv/4.8.0_6/lib/libopencv_datasets.4.8.0.dylib; sourceTree = "<group>"; };
		980040012ACE4C9200A6A4AE /* libopencv_imgproc.4.8.0.dylib */ = {isa = PBXFileReference; lastKnownFileType = "compiled.mach-o.dylib"; name = libopencv_imgproc.4.8.0.dylib; path = ../../../../../opt/homebrew/Cellar/opencv/4.8.0_6/lib/libopencv_imgproc.4.8.0.dylib; sourceTree = "<group>"; };
		980040022ACE4C9200A6A4AE /* libopencv_viz.4.8.0.dylib */ = {isa = PBXFileReference; lastKnownFileType = "compiled.mach-o.dylib"; name = libopencv_viz.4.8.0.dylib; path = ../../../../../opt/homebrew/Cellar/opencv/4.8.0_6/lib/libopencv_viz.4.8.0.dylib; sourceTree = "<group>"; };
		980040032ACE4C9200A6A4AE /* libopencv_fuzzy.4.8.0.dylib */ = {isa = PBXFileReference; lastKnownFileType = "compiled.mach-o.dylib"; name = libopencv_fuzzy.4.8.0.dylib; path = ../../../../../opt/homebrew/Cellar/opencv/4.8.0_6/lib/libopencv_fuzzy.4.8.0.dylib; sourceTree = "<group>"; };
		980040042ACE4C9200A6A4AE /* libopencv_saliency.4.8.0.dylib */ = {isa = PBXFileReference; lastKnownFileType = "compiled.mach-o.dylib"; name = libopencv_saliency.4.8.0.dylib; path = ../../../../../opt/homebrew/Cellar/opencv/4.8.0_6/lib/libopencv_saliency.4.8.0.dylib; sourceTree = "<group>"; };
		980040052ACE4C9200A6A4AE /* libopencv_sfm.4.8.0.dylib */ = {isa = PBXFileReference; lastKnownFileType = "compiled.mach-o.dylib"; name = libopencv_sfm.4.8.0.dylib; path = ../../../../../opt/homebrew/Cellar/opencv/4.8.0_6/lib/libopencv_sfm.4.8.0.dylib; sourceTree = "<group>"; };
		980040062ACE4C9200A6A4AE /* libopencv_plot.4.8.0.dylib */ = {isa = PBXFileReference; lastKnownFileType = "compiled.mach-o.dylib"; name = libopencv_plot.4.8.0.dylib; path = ../../../../../opt/homebrew/Cellar/opencv/4.8.0_6/lib/libopencv_plot.4.8.0.dylib; sourceTree = "<group>"; };
		980040072ACE4C9200A6A4AE /* libopencv_ximgproc.4.8.0.dylib */ = {isa = PBXFileReference; lastKnownFileType = "compiled.mach-o.dylib"; name = libopencv_ximgproc.4.8.0.dylib; path = ../../../../../opt/homebrew/Cellar/opencv/4.8.0_6/lib/libopencv_ximgproc.4.8.0.dylib; sourceTree = "<group>"; };
		980040082ACE4C9200A6A4AE /* libopencv_hfs.4.8.0.dylib */ = {isa = PBXFileReference; lastKnownFileType = "compiled.mach-o.dylib"; name = libopencv_hfs.4.8.0.dylib; path = ../../../../../opt/homebrew/Cellar/opencv/4.8.0_6/lib/libopencv_hfs.4.8.0.dylib; sourceTree = "<group>"; };
		980040092ACE4C9200A6A4AE /* libopencv_stitching.4.8.0.dylib */ = {isa = PBXFileReference; lastKnownFileType = "compiled.mach-o.dylib"; name = libopencv_stitching.4.8.0.dylib; path = ../../../../../opt/homebrew/Cellar/opencv/4.8.0_6/lib/libopencv_stitching.4.8.0.dylib; sourceTree = "<group>"; };
		9800400A2ACE4C9200A6A4AE /* libopencv_text.4.8.0.dylib */ = {isa = PBXFileReference; lastKnownFileType = "compiled.mach-o.dylib"; name = libopencv_text.4.8.0.dylib; path = ../../../../../opt/homebrew/Cellar/opencv/4.8.0_6/lib/libopencv_text.4.8.0.dylib; sourceTree = "<group>"; };
		9800400B2ACE4C9200A6A4AE /* libopencv_wechat_qrcode.4.8.0.dylib */ = {isa = PBXFileReference; lastKnownFileType = "compiled.mach-o.dylib"; name = libopencv_wechat_qrcode.4.8.0.dylib; path = ../../../../../opt/homebrew/Cellar/opencv/4.8.0_6/lib/libopencv_wechat_qrcode.4.8.0.dylib; sourceTree = "<group>"; };
		9800400C2ACE4C9200A6A4AE /* libopencv_xfeatures2d.4.8.0.dylib */ = {isa = PBXFileReference; lastKnownFileType = "compiled.mach-o.dylib"; name = libopencv_xfeatures2d.4.8.0.dylib; path = ../../../../../opt/homebrew/Cellar/opencv/4.8.0_6/lib/libopencv_xfeatures2d.4.8.0.dylib; sourceTree = "<group>"; };
		9800400D2ACE4C9200A6A4AE /* libopencv_ml.4.8.0.dylib */ = {isa = PBXFileReference; lastKnownFileType = "compiled.mach-o.dylib"; name = libopencv_ml.4.8.0.dylib; path = ../../../../../opt/homebrew/Cellar/opencv/4.8.0_6/lib/libopencv_ml.4.8.0.dylib; sourceTree = "<group>"; };
		9800400E2ACE4C9200A6A4AE /* libopencv_highgui.4.8.0.dylib */ = {isa = PBXFileReference; lastKnownFileType = "compiled.mach-o.dylib"; name = libopencv_highgui.4.8.0.dylib; path = ../../../../../opt/homebrew/Cellar/opencv/4.8.0_6/lib/libopencv_highgui.4.8.0.dylib; sourceTree = "<group>"; };
		9800400F2ACE4C9200A6A4AE /* libopencv_video.4.8.0.dylib */ = {isa = PBXFileReference; lastKnownFileType = "compiled.mach-o.dylib"; name = libopencv_video.4.8.0.dylib; path = ../../../../../opt/homebrew/Cellar/opencv/4.8.0_6/lib/libopencv_video.4.8.0.dylib; sourceTree = "<group>"; };
		980040102ACE4C9200A6A4AE /* libopencv_mcc.4.8.0.dylib */ = {isa = PBXFileReference; lastKnownFileType = "compiled.mach-o.dylib"; name = libopencv_mcc.4.8.0.dylib; path = ../../../../../opt/homebrew/Cellar/opencv/4.8.0_6/lib/libopencv_mcc.4.8.0.dylib; sourceTree = "<group>"; };
		980040112ACE4C9200A6A4AE /* libopencv_rapid.4.8.0.dylib */ = {isa = PBXFileReference; lastKnownFileType = "compiled.mach-o.dylib"; name = libopencv_rapid.4.8.0.dylib; path = ../../../../../opt/homebrew/Cellar/opencv/4.8.0_6/lib/libopencv_rapid.4.8.0.dylib; sourceTree = "<group>"; };
		980040122ACE4C9200A6A4AE /* libopencv_videoio.4.8.0.dylib */ = {isa = PBXFileReference; lastKnownFileType = "compiled.mach-o.dylib"; name = libopencv_videoio.4.8.0.dylib; path = ../../../../../opt/homebrew/Cellar/opencv/4.8.0_6/lib/libopencv_videoio.4.8.0.dylib; sourceTree = "<group>"; };
		980040132ACE4C9200A6A4AE /* libopencv_optflow.4.8.0.dylib */ = {isa = PBXFileReference; lastKnownFileType = "compiled.mach-o.dylib"; name = libopencv_optflow.4.8.0.dylib; path = ../../../../../opt/homebrew/Cellar/opencv/4.8.0_6/lib/libopencv_optflow.4.8.0.dylib; sourceTree = "<group>"; };
		980040142ACE4C9200A6A4AE /* libopencv_shape.4.8.0.dylib */ = {isa = PBXFileReference; lastKnownFileType = "compiled.mach-o.dylib"; name = libopencv_shape.4.8.0.dylib; path = ../../../../../opt/homebrew/Cellar/opencv/4.8.0_6/lib/libopencv_shape.4.8.0.dylib; sourceTree = "<group>"; };
		980040152ACE4C9200A6A4AE /* libopencv_quality.4.8.0.dylib */ = {isa = PBXFileReference; lastKnownFileType = "compiled.mach-o.dylib"; name = libopencv_quality.4.8.0.dylib; path = ../../../../../opt/homebrew/Cellar/opencv/4.8.0_6/lib/libopencv_quality.4.8.0.dylib; sourceTree = "<group>"; };
		980040162ACE4C9200A6A4AE /* libopencv_photo.4.8.0.dylib */ = {isa = PBXFileReference; lastKnownFileType = "compiled.mach-o.dylib"; name = libopencv_photo.4.8.0.dylib; path = ../../../../../opt/homebrew/Cellar/opencv/4.8.0_6/lib/libopencv_photo.4.8.0.dylib; sourceTree = "<group>"; };
		980040172ACE4C9200A6A4AE /* libopencv_videostab.4.8.0.dylib */ = {isa = PBXFileReference; lastKnownFileType = "compiled.mach-o.dylib"; name = libopencv_videostab.4.8.0.dylib; path = ../../../../../opt/homebrew/Cellar/opencv/4.8.0_6/lib/libopencv_videostab.4.8.0.dylib; sourceTree = "<group>"; };
		980040182ACE4C9200A6A4AE /* libopencv_xobjdetect.4.8.0.dylib */ = {isa = PBXFileReference; lastKnownFileType = "compiled.mach-o.dylib"; name = libopencv_xobjdetect.4.8.0.dylib; path = ../../../../../opt/homebrew/Cellar/opencv/4.8.0_6/lib/libopencv_xobjdetect.4.8.0.dylib; sourceTree = "<group>"; };
		980040192ACE4C9200A6A4AE /* libopencv_phase_unwrapping.4.8.0.dylib */ = {isa = PBXFileReference; lastKnownFileType = "compiled.mach-o.dylib"; name = libopencv_phase_unwrapping.4.8.0.dylib; path = ../../../../../opt/homebrew/Cellar/opencv/4.8.0_6/lib/libopencv_phase_unwrapping.4.8.0.dylib; sourceTree = "<group>"; };
		9800401A2ACE4C9200A6A4AE /* libopencv_xphoto.4.8.0.dylib */ = {isa = PBXFileReference; lastKnownFileType = "compiled.mach-o.dylib"; name = libopencv_xphoto.4.8.0.dylib; path = ../../../../../opt/homebrew/Cellar/opencv/4.8.0_6/lib/libopencv_xphoto.4.8.0.dylib; sourceTree = "<group>"; };
		9800401B2ACE4C9200A6A4AE /* libopencv_line_descriptor.4.8.0.dylib */ = {isa = PBXFileReference; lastKnownFileType = "compiled.mach-o.dylib"; name = libopencv_line_descriptor.4.8.0.dylib; path = ../../../../../opt/homebrew/Cellar/opencv/4.8.0_6/lib/libopencv_line_descriptor.4.8.0.dylib; sourceTree = "<group>"; };
		9800401C2ACE4C9200A6A4AE /* libopencv_freetype.4.8.0.dylib */ = {isa = PBXFileReference; lastKnownFileType = "compiled.mach-o.dylib"; name = libopencv_freetype.4.8.0.dylib; path = ../../../../../opt/homebrew/Cellar/opencv/4.8.0_6/lib/libopencv_freetype.4.8.0.dylib; sourceTree = "<group>"; };
		9800401D2ACE4C9200A6A4AE /* libopencv_flann.4.8.0.dylib */ = {isa = PBXFileReference; lastKnownFileType = "compiled.mach-o.dylib"; name = libopencv_flann.4.8.0.dylib; path = ../../../../../opt/homebrew/Cellar/opencv/4.8.0_6/lib/libopencv_flann.4.8.0.dylib; sourceTree = "<group>"; };
		9800401E2ACE4C9200A6A4AE /* libopencv_intensity_transform.4.8.0.dylib */ = {isa = PBXFileReference; lastKnownFileType = "compiled.mach-o.dylib"; name = libopencv_intensity_transform.4.8.0.dylib; path = ../../../../../opt/homebrew/Cellar/opencv/4.8.0_6/lib/libopencv_intensity_transform.4.8.0.dylib; sourceTree = "<group>"; };
		9800401F2ACE4C9200A6A4AE /* libopencv_structured_light.4.8.0.dylib */ = {isa = PBXFileReference; lastKnownFileType = "compiled.mach-o.dylib"; name = libopencv_structured_light.4.8.0.dylib; path = ../../../../../opt/homebrew/Cellar/opencv/4.8.0_6/lib/libopencv_structured_light.4.8.0.dylib; sourceTree = "<group>"; };
		980040202ACE4C9200A6A4AE /* libopencv_objdetect.4.8.0.dylib */ = {isa = PBXFileReference; lastKnownFileType = "compiled.mach-o.dylib"; name = libopencv_objdetect.4.8.0.dylib; path = ../../../../../opt/homebrew/Cellar/opencv/4.8.0_6/lib/libopencv_objdetect.4.8.0.dylib; sourceTree = "<group>"; };
		980040212ACE4C9200A6A4AE /* libopencv_rgbd.4.8.0.dylib */ = {isa = PBXFileReference; lastKnownFileType = "compiled.mach-o.dylib"; name = libopencv_rgbd.4.8.0.dylib; path = ../../../../../opt/homebrew/Cellar/opencv/4.8.0_6/lib/libopencv_rgbd.4.8.0.dylib; sourceTree = "<group>"; };
		980040222ACE4C9200A6A4AE /* libopencv_reg.4.8.0.dylib */ = {isa = PBXFileReference; lastKnownFileType = "compiled.mach-o.dylib"; name = libopencv_reg.4.8.0.dylib; path = ../../../../../opt/homebrew/Cellar/opencv/4.8.0_6/lib/libopencv_reg.4.8.0.dylib; sourceTree = "<group>"; };
		980040232ACE4C9300A6A4AE /* libopencv_stereo.4.8.0.dylib */ = {isa = PBXFileReference; lastKnownFileType = "compiled.mach-o.dylib"; name = libopencv_stereo.4.8.0.dylib; path = ../../../../../opt/homebrew/Cellar/opencv/4.8.0_6/lib/libopencv_stereo.4.8.0.dylib; sourceTree = "<group>"; };
		980040242ACE4C9300A6A4AE /* libopencv_tracking.4.8.0.dylib */ = {isa = PBXFileReference; lastKnownFileType = "compiled.mach-o.dylib"; name = libopencv_tracking.4.8.0.dylib; path = ../../../../../opt/homebrew/Cellar/opencv/4.8.0_6/lib/libopencv_tracking.4.8.0.dylib; sourceTree = "<group>"; };
		980040252ACE4C9300A6A4AE /* libopencv_superres.4.8.0.dylib */ = {isa = PBXFileReference; lastKnownFileType = "compiled.mach-o.dylib"; name = libopencv_superres.4.8.0.dylib; path = ../../../../../opt/homebrew/Cellar/opencv/4.8.0_6/lib/libopencv_superres.4.8.0.dylib; sourceTree = "<group>"; };
		980040262ACE4C9300A6A4AE /* libopencv_surface_matching.4.8.0.dylib */ = {isa = PBXFileReference; lastKnownFileType = "compiled.mach-o.dylib"; name = libopencv_surface_matching.4.8.0.dylib; path = ../../../../../opt/homebrew/Cellar/opencv/4.8.0_6/lib/libopencv_surface_matching.4.8.0.dylib; sourceTree = "<group>"; };
		980040272ACE4C9300A6A4AE /* libopencv_gapi.4.8.0.dylib */ = {isa = PBXFileReference; lastKnownFileType = "compiled.mach-o.dylib"; name = libopencv_gapi.4.8.0.dylib; path = ../../../../../opt/homebrew/Cellar/opencv/4.8.0_6/lib/libopencv_gapi.4.8.0.dylib; sourceTree = "<group>"; };
		980040282ACE4C9300A6A4AE /* libopencv_img_hash.4.8.0.dylib */ = {isa = PBXFileReference; lastKnownFileType = "compiled.mach-o.dylib"; name = libopencv_img_hash.4.8.0.dylib; path = ../../../../../opt/homebrew/Cellar/opencv/4.8.0_6/lib/libopencv_img_hash.4.8.0.dylib; sourceTree = "<group>"; };
		980040292ACE4C9300A6A4AE /* libopencv_imgcodecs.4.8.0.dylib */ = {isa = PBXFileReference; lastKnownFileType = "compiled.mach-o.dylib"; name = libopencv_imgcodecs.4.8.0.dylib; path = ../../../../../opt/homebrew/Cellar/opencv/4.8.0_6/lib/libopencv_imgcodecs.4.8.0.dylib; sourceTree = "<group>"; };
		988B8E692AF3FC990095B7D9 /* test.cpp */ = {isa = PBXFileReference; lastKnownFileType = sourcecode.cpp.cpp; path = test.cpp; sourceTree = "<group>"; };
		988B8E6A2AF3FC990095B7D9 /* test.hpp */ = {isa = PBXFileReference; lastKnownFileType = sourcecode.cpp.h; path = test.hpp; sourceTree = "<group>"; };
/* End PBXFileReference section */

/* Begin PBXFrameworksBuildPhase section */
		988B8E2E2AE2665A0095B7D9 /* Frameworks */ = {
			isa = PBXFrameworksBuildPhase;
			buildActionMask = 2147483647;
			files = (
				988B8E2F2AE266FF0095B7D9 /* libopencv_alphamat.4.8.0.dylib in Frameworks */,
				988B8E302AE266FF0095B7D9 /* libopencv_alphamat.4.8.0.dylib in Frameworks */,
				988B8E312AE266FF0095B7D9 /* libopencv_alphamat.4.8.0.dylib in Frameworks */,
				988B8E322AE266FF0095B7D9 /* libopencv_aruco.4.8.0.dylib in Frameworks */,
				988B8E332AE266FF0095B7D9 /* libopencv_aruco.4.8.0.dylib in Frameworks */,
				988B8E342AE266FF0095B7D9 /* libopencv_bgsegm.4.8.0.dylib in Frameworks */,
				988B8E352AE266FF0095B7D9 /* libopencv_bioinspired.4.8.0.dylib in Frameworks */,
				988B8E362AE266FF0095B7D9 /* libopencv_calib3d.4.8.0.dylib in Frameworks */,
				988B8E372AE266FF0095B7D9 /* libopencv_ccalib.4.8.0.dylib in Frameworks */,
				988B8E382AE266FF0095B7D9 /* libopencv_core.4.8.0.dylib in Frameworks */,
				988B8E392AE266FF0095B7D9 /* libopencv_datasets.4.8.0.dylib in Frameworks */,
				988B8E3A2AE266FF0095B7D9 /* libopencv_dnn_objdetect.4.8.0.dylib in Frameworks */,
				988B8E3B2AE266FF0095B7D9 /* libopencv_dnn_superres.4.8.0.dylib in Frameworks */,
				988B8E3C2AE266FF0095B7D9 /* libopencv_dnn.4.8.0.dylib in Frameworks */,
				988B8E3D2AE266FF0095B7D9 /* libopencv_dpm.4.8.0.dylib in Frameworks */,
				988B8E3E2AE266FF0095B7D9 /* libopencv_face.4.8.0.dylib in Frameworks */,
				988B8E3F2AE266FF0095B7D9 /* libopencv_features2d.4.8.0.dylib in Frameworks */,
				988B8E402AE266FF0095B7D9 /* libopencv_flann.4.8.0.dylib in Frameworks */,
				988B8E412AE266FF0095B7D9 /* libopencv_freetype.4.8.0.dylib in Frameworks */,
				988B8E422AE266FF0095B7D9 /* libopencv_fuzzy.4.8.0.dylib in Frameworks */,
				988B8E432AE266FF0095B7D9 /* libopencv_gapi.4.8.0.dylib in Frameworks */,
				988B8E442AE266FF0095B7D9 /* libopencv_hfs.4.8.0.dylib in Frameworks */,
				988B8E452AE266FF0095B7D9 /* libopencv_highgui.4.8.0.dylib in Frameworks */,
				988B8E462AE266FF0095B7D9 /* libopencv_img_hash.4.8.0.dylib in Frameworks */,
				988B8E472AE266FF0095B7D9 /* libopencv_imgcodecs.4.8.0.dylib in Frameworks */,
				988B8E482AE266FF0095B7D9 /* libopencv_imgproc.4.8.0.dylib in Frameworks */,
				988B8E492AE266FF0095B7D9 /* libopencv_intensity_transform.4.8.0.dylib in Frameworks */,
				988B8E4A2AE266FF0095B7D9 /* libopencv_line_descriptor.4.8.0.dylib in Frameworks */,
				988B8E4B2AE266FF0095B7D9 /* libopencv_mcc.4.8.0.dylib in Frameworks */,
				988B8E4C2AE266FF0095B7D9 /* libopencv_ml.4.8.0.dylib in Frameworks */,
				988B8E4D2AE266FF0095B7D9 /* libopencv_objdetect.4.8.0.dylib in Frameworks */,
				988B8E4E2AE266FF0095B7D9 /* libopencv_optflow.4.8.0.dylib in Frameworks */,
				988B8E4F2AE266FF0095B7D9 /* libopencv_phase_unwrapping.4.8.0.dylib in Frameworks */,
				988B8E502AE266FF0095B7D9 /* libopencv_photo.4.8.0.dylib in Frameworks */,
				988B8E512AE266FF0095B7D9 /* libopencv_plot.4.8.0.dylib in Frameworks */,
				988B8E522AE266FF0095B7D9 /* libopencv_quality.4.8.0.dylib in Frameworks */,
				988B8E532AE266FF0095B7D9 /* libopencv_rapid.4.8.0.dylib in Frameworks */,
				988B8E542AE266FF0095B7D9 /* libopencv_reg.4.8.0.dylib in Frameworks */,
				988B8E552AE266FF0095B7D9 /* libopencv_rgbd.4.8.0.dylib in Frameworks */,
				988B8E562AE266FF0095B7D9 /* libopencv_saliency.4.8.0.dylib in Frameworks */,
				988B8E572AE266FF0095B7D9 /* libopencv_sfm.4.8.0.dylib in Frameworks */,
				988B8E582AE266FF0095B7D9 /* libopencv_shape.4.8.0.dylib in Frameworks */,
				988B8E592AE266FF0095B7D9 /* libopencv_stereo.4.8.0.dylib in Frameworks */,
				988B8E5A2AE266FF0095B7D9 /* libopencv_stitching.4.8.0.dylib in Frameworks */,
				988B8E5B2AE266FF0095B7D9 /* libopencv_structured_light.4.8.0.dylib in Frameworks */,
				988B8E5C2AE266FF0095B7D9 /* libopencv_superres.4.8.0.dylib in Frameworks */,
				988B8E5D2AE266FF0095B7D9 /* libopencv_surface_matching.4.8.0.dylib in Frameworks */,
				988B8E5E2AE266FF0095B7D9 /* libopencv_text.4.8.0.dylib in Frameworks */,
				988B8E5F2AE266FF0095B7D9 /* libopencv_tracking.4.8.0.dylib in Frameworks */,
				988B8E602AE266FF0095B7D9 /* libopencv_video.4.8.0.dylib in Frameworks */,
				988B8E612AE266FF0095B7D9 /* libopencv_videoio.4.8.0.dylib in Frameworks */,
				988B8E622AE266FF0095B7D9 /* libopencv_videostab.4.8.0.dylib in Frameworks */,
				988B8E632AE266FF0095B7D9 /* libopencv_viz.4.8.0.dylib in Frameworks */,
				988B8E642AE266FF0095B7D9 /* libopencv_wechat_qrcode.4.8.0.dylib in Frameworks */,
				988B8E652AE266FF0095B7D9 /* libopencv_xfeatures2d.4.8.0.dylib in Frameworks */,
				988B8E662AE266FF0095B7D9 /* libopencv_ximgproc.4.8.0.dylib in Frameworks */,
				988B8E672AE266FF0095B7D9 /* libopencv_xobjdetect.4.8.0.dylib in Frameworks */,
				988B8E682AE266FF0095B7D9 /* libopencv_xphoto.4.8.0.dylib in Frameworks */,
			);
			runOnlyForDeploymentPostprocessing = 0;
		};
/* End PBXFrameworksBuildPhase section */

/* Begin PBXGroup section */
		98003F472AB3F3B000A6A4AE = {
			isa = PBXGroup;
			children = (
				98003F522AB3F3B000A6A4AE /* OpenCVTest */,
				98003F512AB3F3B000A6A4AE /* Products */,
				98003FE42ACE4C3400A6A4AE /* Frameworks */,
			);
			sourceTree = "<group>";
		};
		98003F512AB3F3B000A6A4AE /* Products */ = {
			isa = PBXGroup;
			children = (
				98003F502AB3F3B000A6A4AE /* OpenCVTest */,
			);
			name = Products;
			sourceTree = "<group>";
		};
		98003F522AB3F3B000A6A4AE /* OpenCVTest */ = {
			isa = PBXGroup;
			children = (
				98003FE32ACD2CCA00A6A4AE /* OpenCVTest.entitlements */,
				98003F532AB3F3B000A6A4AE /* main.cpp */,
				988B8E692AF3FC990095B7D9 /* test.cpp */,
				988B8E6A2AF3FC990095B7D9 /* test.hpp */,
			);
			path = OpenCVTest;
			sourceTree = "<group>";
		};
		98003FE42ACE4C3400A6A4AE /* Frameworks */ = {
			isa = PBXGroup;
			children = (
				9800401D2ACE4C9200A6A4AE /* libopencv_flann.4.8.0.dylib */,
				9800401C2ACE4C9200A6A4AE /* libopencv_freetype.4.8.0.dylib */,
				980040032ACE4C9200A6A4AE /* libopencv_fuzzy.4.8.0.dylib */,
				980040272ACE4C9300A6A4AE /* libopencv_gapi.4.8.0.dylib */,
				980040082ACE4C9200A6A4AE /* libopencv_hfs.4.8.0.dylib */,
				9800400E2ACE4C9200A6A4AE /* libopencv_highgui.4.8.0.dylib */,
				980040282ACE4C9300A6A4AE /* libopencv_img_hash.4.8.0.dylib */,
				980040292ACE4C9300A6A4AE /* libopencv_imgcodecs.4.8.0.dylib */,
				980040012ACE4C9200A6A4AE /* libopencv_imgproc.4.8.0.dylib */,
				9800401E2ACE4C9200A6A4AE /* libopencv_intensity_transform.4.8.0.dylib */,
				9800401B2ACE4C9200A6A4AE /* libopencv_line_descriptor.4.8.0.dylib */,
				980040102ACE4C9200A6A4AE /* libopencv_mcc.4.8.0.dylib */,
				9800400D2ACE4C9200A6A4AE /* libopencv_ml.4.8.0.dylib */,
				980040202ACE4C9200A6A4AE /* libopencv_objdetect.4.8.0.dylib */,
				980040132ACE4C9200A6A4AE /* libopencv_optflow.4.8.0.dylib */,
				980040192ACE4C9200A6A4AE /* libopencv_phase_unwrapping.4.8.0.dylib */,
				980040162ACE4C9200A6A4AE /* libopencv_photo.4.8.0.dylib */,
				980040062ACE4C9200A6A4AE /* libopencv_plot.4.8.0.dylib */,
				980040152ACE4C9200A6A4AE /* libopencv_quality.4.8.0.dylib */,
				980040112ACE4C9200A6A4AE /* libopencv_rapid.4.8.0.dylib */,
				980040222ACE4C9200A6A4AE /* libopencv_reg.4.8.0.dylib */,
				980040212ACE4C9200A6A4AE /* libopencv_rgbd.4.8.0.dylib */,
				980040042ACE4C9200A6A4AE /* libopencv_saliency.4.8.0.dylib */,
				980040052ACE4C9200A6A4AE /* libopencv_sfm.4.8.0.dylib */,
				980040142ACE4C9200A6A4AE /* libopencv_shape.4.8.0.dylib */,
				980040232ACE4C9300A6A4AE /* libopencv_stereo.4.8.0.dylib */,
				980040092ACE4C9200A6A4AE /* libopencv_stitching.4.8.0.dylib */,
				9800401F2ACE4C9200A6A4AE /* libopencv_structured_light.4.8.0.dylib */,
				980040252ACE4C9300A6A4AE /* libopencv_superres.4.8.0.dylib */,
				980040262ACE4C9300A6A4AE /* libopencv_surface_matching.4.8.0.dylib */,
				9800400A2ACE4C9200A6A4AE /* libopencv_text.4.8.0.dylib */,
				980040242ACE4C9300A6A4AE /* libopencv_tracking.4.8.0.dylib */,
				9800400F2ACE4C9200A6A4AE /* libopencv_video.4.8.0.dylib */,
				980040122ACE4C9200A6A4AE /* libopencv_videoio.4.8.0.dylib */,
				980040172ACE4C9200A6A4AE /* libopencv_videostab.4.8.0.dylib */,
				980040022ACE4C9200A6A4AE /* libopencv_viz.4.8.0.dylib */,
				9800400B2ACE4C9200A6A4AE /* libopencv_wechat_qrcode.4.8.0.dylib */,
				9800400C2ACE4C9200A6A4AE /* libopencv_xfeatures2d.4.8.0.dylib */,
				980040072ACE4C9200A6A4AE /* libopencv_ximgproc.4.8.0.dylib */,
				980040182ACE4C9200A6A4AE /* libopencv_xobjdetect.4.8.0.dylib */,
				9800401A2ACE4C9200A6A4AE /* libopencv_xphoto.4.8.0.dylib */,
				98003FED2ACE4C3400A6A4AE /* libopencv_alphamat.4.8.0.dylib */,
				98003FEF2ACE4C3400A6A4AE /* libopencv_aruco.4.8.0.dylib */,
				98003FE72ACE4C3400A6A4AE /* libopencv_bgsegm.4.8.0.dylib */,
				98003FEC2ACE4C3400A6A4AE /* libopencv_bioinspired.4.8.0.dylib */,
				98003FE62ACE4C3400A6A4AE /* libopencv_calib3d.4.8.0.dylib */,
				98003FF12ACE4C3400A6A4AE /* libopencv_ccalib.4.8.0.dylib */,
				98003FF02ACE4C3400A6A4AE /* libopencv_core.4.8.0.dylib */,
				98003FF22ACE4C3400A6A4AE /* libopencv_datasets.4.8.0.dylib */,
				98003FE52ACE4C3400A6A4AE /* libopencv_dnn_objdetect.4.8.0.dylib */,
				98003FEE2ACE4C3400A6A4AE /* libopencv_dnn_superres.4.8.0.dylib */,
				98003FE82ACE4C3400A6A4AE /* libopencv_dnn.4.8.0.dylib */,
				98003FEB2ACE4C3400A6A4AE /* libopencv_dpm.4.8.0.dylib */,
				98003FE92ACE4C3400A6A4AE /* libopencv_face.4.8.0.dylib */,
				98003FEA2ACE4C3400A6A4AE /* libopencv_features2d.4.8.0.dylib */,
			);
			name = Frameworks;
			sourceTree = "<group>";
		};
/* End PBXGroup section */

/* Begin PBXNativeTarget section */
		98003F4F2AB3F3B000A6A4AE /* OpenCVTest */ = {
			isa = PBXNativeTarget;
			buildConfigurationList = 98003F572AB3F3B000A6A4AE /* Build configuration list for PBXNativeTarget "OpenCVTest" */;
			buildPhases = (
				98003F4C2AB3F3B000A6A4AE /* Sources */,
				98003F4E2AB3F3B000A6A4AE /* CopyFiles */,
				988B8E2E2AE2665A0095B7D9 /* Frameworks */,
			);
			buildRules = (
			);
			dependencies = (
			);
			name = OpenCVTest;
			productName = OpenCVTest;
			productReference = 98003F502AB3F3B000A6A4AE /* OpenCVTest */;
			productType = "com.apple.product-type.tool";
		};
/* End PBXNativeTarget section */

/* Begin PBXProject section */
		98003F482AB3F3B000A6A4AE /* Project object */ = {
			isa = PBXProject;
			attributes = {
				BuildIndependentTargetsInParallel = 1;
				LastUpgradeCheck = 1430;
				TargetAttributes = {
					98003F4F2AB3F3B000A6A4AE = {
						CreatedOnToolsVersion = 14.3.1;
					};
				};
			};
			buildConfigurationList = 98003F4B2AB3F3B000A6A4AE /* Build configuration list for PBXProject "OpenCVTest" */;
			compatibilityVersion = "Xcode 14.0";
			developmentRegion = en;
			hasScannedForEncodings = 0;
			knownRegions = (
				en,
				Base,
			);
			mainGroup = 98003F472AB3F3B000A6A4AE;
			productRefGroup = 98003F512AB3F3B000A6A4AE /* Products */;
			projectDirPath = "";
			projectRoot = "";
			targets = (
				98003F4F2AB3F3B000A6A4AE /* OpenCVTest */,
			);
		};
/* End PBXProject section */

/* Begin PBXSourcesBuildPhase section */
		98003F4C2AB3F3B000A6A4AE /* Sources */ = {
			isa = PBXSourcesBuildPhase;
			buildActionMask = 2147483647;
			files = (
				988B8E792AF4D7650095B7D9 /* main.cpp in Sources */,
			);
			runOnlyForDeploymentPostprocessing = 0;
		};
/* End PBXSourcesBuildPhase section */

/* Begin XCBuildConfiguration section */
		98003F552AB3F3B000A6A4AE /* Debug */ = {
			isa = XCBuildConfiguration;
			buildSettings = {
				ALWAYS_SEARCH_USER_PATHS = NO;
				CLANG_ANALYZER_NONNULL = YES;
				CLANG_ANALYZER_NUMBER_OBJECT_CONVERSION = YES_AGGRESSIVE;
				CLANG_CXX_LANGUAGE_STANDARD = "gnu++20";
				CLANG_ENABLE_MODULES = YES;
				CLANG_ENABLE_OBJC_ARC = YES;
				CLANG_ENABLE_OBJC_WEAK = YES;
				CLANG_WARN_BLOCK_CAPTURE_AUTORELEASING = YES;
				CLANG_WARN_BOOL_CONVERSION = YES;
				CLANG_WARN_COMMA = YES;
				CLANG_WARN_CONSTANT_CONVERSION = YES;
				CLANG_WARN_DEPRECATED_OBJC_IMPLEMENTATIONS = YES;
				CLANG_WARN_DIRECT_OBJC_ISA_USAGE = YES_ERROR;
				CLANG_WARN_DOCUMENTATION_COMMENTS = YES;
				CLANG_WARN_EMPTY_BODY = YES;
				CLANG_WARN_ENUM_CONVERSION = YES;
				CLANG_WARN_INFINITE_RECURSION = YES;
				CLANG_WARN_INT_CONVERSION = YES;
				CLANG_WARN_NON_LITERAL_NULL_CONVERSION = YES;
				CLANG_WARN_OBJC_IMPLICIT_RETAIN_SELF = YES;
				CLANG_WARN_OBJC_LITERAL_CONVERSION = YES;
				CLANG_WARN_OBJC_ROOT_CLASS = YES_ERROR;
				CLANG_WARN_QUOTED_INCLUDE_IN_FRAMEWORK_HEADER = YES;
				CLANG_WARN_RANGE_LOOP_ANALYSIS = YES;
				CLANG_WARN_STRICT_PROTOTYPES = YES;
				CLANG_WARN_SUSPICIOUS_MOVE = YES;
				CLANG_WARN_UNGUARDED_AVAILABILITY = YES_AGGRESSIVE;
				CLANG_WARN_UNREACHABLE_CODE = YES;
				CLANG_WARN__DUPLICATE_METHOD_MATCH = YES;
				COPY_PHASE_STRIP = NO;
				DEBUG_INFORMATION_FORMAT = dwarf;
				ENABLE_STRICT_OBJC_MSGSEND = YES;
				ENABLE_TESTABILITY = YES;
				GCC_C_LANGUAGE_STANDARD = gnu11;
				GCC_DYNAMIC_NO_PIC = NO;
				GCC_NO_COMMON_BLOCKS = YES;
				GCC_OPTIMIZATION_LEVEL = 0;
				GCC_PREPROCESSOR_DEFINITIONS = (
					"DEBUG=1",
					"$(inherited)",
				);
				GCC_WARN_64_TO_32_BIT_CONVERSION = YES;
				GCC_WARN_ABOUT_RETURN_TYPE = YES_ERROR;
				GCC_WARN_UNDECLARED_SELECTOR = YES;
				GCC_WARN_UNINITIALIZED_AUTOS = YES_AGGRESSIVE;
				GCC_WARN_UNUSED_FUNCTION = YES;
				GCC_WARN_UNUSED_VARIABLE = YES;
				MACOSX_DEPLOYMENT_TARGET = 13.2;
				MTL_ENABLE_DEBUG_INFO = INCLUDE_SOURCE;
				MTL_FAST_MATH = YES;
				ONLY_ACTIVE_ARCH = YES;
				SDKROOT = macosx;
			};
			name = Debug;
		};
		98003F562AB3F3B000A6A4AE /* Release */ = {
			isa = XCBuildConfiguration;
			buildSettings = {
				ALWAYS_SEARCH_USER_PATHS = NO;
				CLANG_ANALYZER_NONNULL = YES;
				CLANG_ANALYZER_NUMBER_OBJECT_CONVERSION = YES_AGGRESSIVE;
				CLANG_CXX_LANGUAGE_STANDARD = "gnu++20";
				CLANG_ENABLE_MODULES = YES;
				CLANG_ENABLE_OBJC_ARC = YES;
				CLANG_ENABLE_OBJC_WEAK = YES;
				CLANG_WARN_BLOCK_CAPTURE_AUTORELEASING = YES;
				CLANG_WARN_BOOL_CONVERSION = YES;
				CLANG_WARN_COMMA = YES;
				CLANG_WARN_CONSTANT_CONVERSION = YES;
				CLANG_WARN_DEPRECATED_OBJC_IMPLEMENTATIONS = YES;
				CLANG_WARN_DIRECT_OBJC_ISA_USAGE = YES_ERROR;
				CLANG_WARN_DOCUMENTATION_COMMENTS = YES;
				CLANG_WARN_EMPTY_BODY = YES;
				CLANG_WARN_ENUM_CONVERSION = YES;
				CLANG_WARN_INFINITE_RECURSION = YES;
				CLANG_WARN_INT_CONVERSION = YES;
				CLANG_WARN_NON_LITERAL_NULL_CONVERSION = YES;
				CLANG_WARN_OBJC_IMPLICIT_RETAIN_SELF = YES;
				CLANG_WARN_OBJC_LITERAL_CONVERSION = YES;
				CLANG_WARN_OBJC_ROOT_CLASS = YES_ERROR;
				CLANG_WARN_QUOTED_INCLUDE_IN_FRAMEWORK_HEADER = YES;
				CLANG_WARN_RANGE_LOOP_ANALYSIS = YES;
				CLANG_WARN_STRICT_PROTOTYPES = YES;
				CLANG_WARN_SUSPICIOUS_MOVE = YES;
				CLANG_WARN_UNGUARDED_AVAILABILITY = YES_AGGRESSIVE;
				CLANG_WARN_UNREACHABLE_CODE = YES;
				CLANG_WARN__DUPLICATE_METHOD_MATCH = YES;
				COPY_PHASE_STRIP = NO;
				DEBUG_INFORMATION_FORMAT = "dwarf-with-dsym";
				ENABLE_NS_ASSERTIONS = NO;
				ENABLE_STRICT_OBJC_MSGSEND = YES;
				GCC_C_LANGUAGE_STANDARD = gnu11;
				GCC_NO_COMMON_BLOCKS = YES;
				GCC_WARN_64_TO_32_BIT_CONVERSION = YES;
				GCC_WARN_ABOUT_RETURN_TYPE = YES_ERROR;
				GCC_WARN_UNDECLARED_SELECTOR = YES;
				GCC_WARN_UNINITIALIZED_AUTOS = YES_AGGRESSIVE;
				GCC_WARN_UNUSED_FUNCTION = YES;
				GCC_WARN_UNUSED_VARIABLE = YES;
				MACOSX_DEPLOYMENT_TARGET = 13.2;
				MTL_ENABLE_DEBUG_INFO = NO;
				MTL_FAST_MATH = YES;
				SDKROOT = macosx;
			};
			name = Release;
		};
		98003F582AB3F3B000A6A4AE /* Debug */ = {
			isa = XCBuildConfiguration;
			buildSettings = {
				CODE_SIGN_ENTITLEMENTS = OpenCVTest/OpenCVTest.entitlements;
				CODE_SIGN_STYLE = Automatic;
				DEVELOPMENT_TEAM = YMHK2GCUQH;
				ENABLE_HARDENED_RUNTIME = YES;
				HEADER_SEARCH_PATHS = /opt/homebrew/Cellar/opencv/4.8.0_6/include/opencv4;
				LIBRARY_SEARCH_PATHS = (
					"$(inherited)",
					/opt/homebrew/Cellar/opencv/4.8.0_6/lib,
				);
				PRODUCT_NAME = "$(TARGET_NAME)";
			};
			name = Debug;
		};
		98003F592AB3F3B000A6A4AE /* Release */ = {
			isa = XCBuildConfiguration;
			buildSettings = {
				CODE_SIGN_ENTITLEMENTS = OpenCVTest/OpenCVTest.entitlements;
				CODE_SIGN_STYLE = Automatic;
				DEVELOPMENT_TEAM = YMHK2GCUQH;
				ENABLE_HARDENED_RUNTIME = YES;
				HEADER_SEARCH_PATHS = /opt/homebrew/Cellar/opencv/4.8.0_6/include/opencv4;
				LIBRARY_SEARCH_PATHS = (
					"$(inherited)",
					/opt/homebrew/Cellar/opencv/4.8.0_6/lib,
				);
				PRODUCT_NAME = "$(TARGET_NAME)";
			};
			name = Release;
		};
/* End XCBuildConfiguration section */

/* Begin XCConfigurationList section */
		98003F4B2AB3F3B000A6A4AE /* Build configuration list for PBXProject "OpenCVTest" */ = {
			isa = XCConfigurationList;
			buildConfigurations = (
				98003F552AB3F3B000A6A4AE /* Debug */,
				98003F562AB3F3B000A6A4AE /* Release */,
			);
			defaultConfigurationIsVisible = 0;
			defaultConfigurationName = Release;
		};
		98003F572AB3F3B000A6A4AE /* Build configuration list for PBXNativeTarget "OpenCVTest" */ = {
			isa = XCConfigurationList;
			buildConfigurations = (
				98003F582AB3F3B000A6A4AE /* Debug */,
				98003F592AB3F3B000A6A4AE /* Release */,
			);
			defaultConfigurationIsVisible = 0;
			defaultConfigurationName = Release;
		};
/* End XCConfigurationList section */
	};
	rootObject = 98003F482AB3F3B000A6A4AE /* Project object */;
}
